// !$*UTF8*$!
{
	archiveVersion = 1;
	classes = {
	};
	objectVersion = 56;
	objects = {

/* Begin PBXBuildFile section */
		3ED36F0032D3117734F4F9BD /* Pods_firebackios.framework in Frameworks */ = {isa = PBXBuildFile; fileRef = 8B98A76C3D55606D648382E8 /* Pods_firebackios.framework */; };
		4127AB562B6617C100D46282 /* index.go in Resources */ = {isa = PBXBuildFile; fileRef = 4127AA082B6617C000D46282 /* index.go */; };
		4127AB572B6617C100D46282 /* cachemap.json in Resources */ = {isa = PBXBuildFile; fileRef = 4127AA092B6617C000D46282 /* cachemap.json */; };
		4127AB772B6617C100D46282 /* GetPublicJoinKeys.swift in Sources */ = {isa = PBXBuildFile; fileRef = 4127AA2D2B6617C000D46282 /* GetPublicJoinKeys.swift */; };
		4127AB782B6617C100D46282 /* PostBackupTableMeta.swift in Sources */ = {isa = PBXBuildFile; fileRef = 4127AA2E2B6617C000D46282 /* PostBackupTableMeta.swift */; };
		4127AB792B6617C100D46282 /* GetWorkspaces.swift in Sources */ = {isa = PBXBuildFile; fileRef = 4127AA2F2B6617C000D46282 /* GetWorkspaces.swift */; };
		4127AB7A2B6617C100D46282 /* GetTableViewSizingsExport.swift in Sources */ = {isa = PBXBuildFile; fileRef = 4127AA302B6617C000D46282 /* GetTableViewSizingsExport.swift */; };
		4127AB7B2B6617C100D46282 /* GetTableViewSizings.swift in Sources */ = {isa = PBXBuildFile; fileRef = 4127AA312B6617C000D46282 /* GetTableViewSizings.swift */; };
		4127AB7C2B6617C100D46282 /* PostWorkspacePassportOtp.swift in Sources */ = {isa = PBXBuildFile; fileRef = 4127AA322B6617C000D46282 /* PostWorkspacePassportOtp.swift */; };
		4127AB7D2B6617C100D46282 /* WorkspaceEntity.swift in Sources */ = {isa = PBXBuildFile; fileRef = 4127AA332B6617C000D46282 /* WorkspaceEntity.swift */; };
		4127AB7E2B6617C100D46282 /* CapabilityEntity.swift in Sources */ = {isa = PBXBuildFile; fileRef = 4127AA342B6617C000D46282 /* CapabilityEntity.swift */; };
		4127AB7F2B6617C100D46282 /* PostEmailConfirmation.swift in Sources */ = {isa = PBXBuildFile; fileRef = 4127AA352B6617C000D46282 /* PostEmailConfirmation.swift */; };
		4127AB802B6617C100D46282 /* PostPassport.swift in Sources */ = {isa = PBXBuildFile; fileRef = 4127AA362B6617C000D46282 /* PostPassport.swift */; };
		4127AB812B6617C100D46282 /* GetCapabilitiesExport.swift in Sources */ = {isa = PBXBuildFile; fileRef = 4127AA372B6617C000D46282 /* GetCapabilitiesExport.swift */; };
		4127AB822B6617C100D46282 /* PostGsmSendSms.swift in Sources */ = {isa = PBXBuildFile; fileRef = 4127AA382B6617C000D46282 /* PostGsmSendSms.swift */; };
		4127AB832B6617C100D46282 /* GetUserRoleWorkspacesExport.swift in Sources */ = {isa = PBXBuildFile; fileRef = 4127AA392B6617C000D46282 /* GetUserRoleWorkspacesExport.swift */; };
		4127AB842B6617C100D46282 /* GetWorkspaceRolesExport.swift in Sources */ = {isa = PBXBuildFile; fileRef = 4127AA3A2B6617C000D46282 /* GetWorkspaceRolesExport.swift */; };
		4127AB852B6617C100D46282 /* GetNotificationConfigsExport.swift in Sources */ = {isa = PBXBuildFile; fileRef = 4127AA3B2B6617C000D46282 /* GetNotificationConfigsExport.swift */; };
		4127AB862B6617C100D46282 /* GetEmailSenders.swift in Sources */ = {isa = PBXBuildFile; fileRef = 4127AA3C2B6617C000D46282 /* GetEmailSenders.swift */; };
		4127AB872B6617C100D46282 /* PostGsmProviderSendSms.swift in Sources */ = {isa = PBXBuildFile; fileRef = 4127AA3D2B6617C000D46282 /* PostGsmProviderSendSms.swift */; };
		4127AB882B6617C100D46282 /* GetEmailConfirmationsExport.swift in Sources */ = {isa = PBXBuildFile; fileRef = 4127AA3E2B6617C000D46282 /* GetEmailConfirmationsExport.swift */; };
		4127AB892B6617C100D46282 /* GetUserWorkspacesExport.swift in Sources */ = {isa = PBXBuildFile; fileRef = 4127AA3F2B6617C000D46282 /* GetUserWorkspacesExport.swift */; };
		4127AB8A2B6617C100D46282 /* PostGsmProvider.swift in Sources */ = {isa = PBXBuildFile; fileRef = 4127AA402B6617C000D46282 /* PostGsmProvider.swift */; };
		4127AB8B2B6617C100D46282 /* PostPassportsSigninClassic.swift in Sources */ = {isa = PBXBuildFile; fileRef = 4127AA412B6617C000D46282 /* PostPassportsSigninClassic.swift */; };
		4127AB8C2B6617C100D46282 /* PostWorkspaceType.swift in Sources */ = {isa = PBXBuildFile; fileRef = 4127AA422B6617C000D46282 /* PostWorkspaceType.swift */; };
		4127AB8D2B6617C100D46282 /* AppMenuEntity.swift in Sources */ = {isa = PBXBuildFile; fileRef = 4127AA432B6617C000D46282 /* AppMenuEntity.swift */; };
		4127AB8E2B6617C100D46282 /* GetGsmProvidersExport.swift in Sources */ = {isa = PBXBuildFile; fileRef = 4127AA442B6617C000D46282 /* GetGsmProvidersExport.swift */; };
		4127AB8F2B6617C100D46282 /* PostCapability.swift in Sources */ = {isa = PBXBuildFile; fileRef = 4127AA452B6617C000D46282 /* PostCapability.swift */; };
		4127AB902B6617C100D46282 /* ExchangeKeyInformationDto.swift in Sources */ = {isa = PBXBuildFile; fileRef = 4127AA462B6617C000D46282 /* ExchangeKeyInformationDto.swift */; };
		4127AB912B6617C100D46282 /* PostNotificationConfig.swift in Sources */ = {isa = PBXBuildFile; fileRef = 4127AA472B6617C000D46282 /* PostNotificationConfig.swift */; };
		4127AB922B6617C100D46282 /* TokenEntity.swift in Sources */ = {isa = PBXBuildFile; fileRef = 4127AA482B6617C000D46282 /* TokenEntity.swift */; };
		4127AB932B6617C100D46282 /* UserAccessLevelDto.swift in Sources */ = {isa = PBXBuildFile; fileRef = 4127AA492B6617C000D46282 /* UserAccessLevelDto.swift */; };
		4127AB942B6617C100D46282 /* BackupTableMetaEntity.swift in Sources */ = {isa = PBXBuildFile; fileRef = 4127AA4A2B6617C000D46282 /* BackupTableMetaEntity.swift */; };
		4127AB952B6617C100D46282 /* PostWorkspace.swift in Sources */ = {isa = PBXBuildFile; fileRef = 4127AA4B2B6617C000D46282 /* PostWorkspace.swift */; };
		4127AB962B6617C100D46282 /* PostEmailSender.swift in Sources */ = {isa = PBXBuildFile; fileRef = 4127AA4C2B6617C000D46282 /* PostEmailSender.swift */; };
		4127AB972B6617C100D46282 /* PostBackupImport.swift in Sources */ = {isa = PBXBuildFile; fileRef = 4127AA4D2B6617C000D46282 /* PostBackupImport.swift */; };
		4127AB982B6617C100D46282 /* PostPassportsSignupClassic.swift in Sources */ = {isa = PBXBuildFile; fileRef = 4127AA4E2B6617C000D46282 /* PostPassportsSignupClassic.swift */; };
		4127AB992B6617C100D46282 /* AssignRoleDto.swift in Sources */ = {isa = PBXBuildFile; fileRef = 4127AA4F2B6617C000D46282 /* AssignRoleDto.swift */; };
		4127AB9A2B6617C100D46282 /* UserSessionDto.swift in Sources */ = {isa = PBXBuildFile; fileRef = 4127AA502B6617C000D46282 /* UserSessionDto.swift */; };
		4127AB9B2B6617C100D46282 /* GetBackupTableMetas.swift in Sources */ = {isa = PBXBuildFile; fileRef = 4127AA512B6617C000D46282 /* GetBackupTableMetas.swift */; };
		4127AB9C2B6617C100D46282 /* PostWorkspacePassportCheck.swift in Sources */ = {isa = PBXBuildFile; fileRef = 4127AA522B6617C000D46282 /* PostWorkspacePassportCheck.swift */; };
		4127AB9D2B6617C100D46282 /* OtpAuthenticateDto.swift in Sources */ = {isa = PBXBuildFile; fileRef = 4127AA532B6617C000D46282 /* OtpAuthenticateDto.swift */; };
		4127AB9E2B6617C100D46282 /* PhoneConfirmationEntity.swift in Sources */ = {isa = PBXBuildFile; fileRef = 4127AA542B6617C000D46282 /* PhoneConfirmationEntity.swift */; };
		4127AB9F2B6617C100D46282 /* GetAppMenus.swift in Sources */ = {isa = PBXBuildFile; fileRef = 4127AA552B6617C000D46282 /* GetAppMenus.swift */; };
		4127ABA02B6617C100D46282 /* GetWorkspaceInvitesExport.swift in Sources */ = {isa = PBXBuildFile; fileRef = 4127AA562B6617C000D46282 /* GetWorkspaceInvitesExport.swift */; };
		4127ABA12B6617C100D46282 /* GetNotificationConfigs.swift in Sources */ = {isa = PBXBuildFile; fileRef = 4127AA572B6617C000D46282 /* GetNotificationConfigs.swift */; };
		4127ABA22B6617C100D46282 /* GetEmailConfirmations.swift in Sources */ = {isa = PBXBuildFile; fileRef = 4127AA582B6617C000D46282 /* GetEmailConfirmations.swift */; };
		4127ABA32B6617C100D46282 /* GetWorkspaceRoles.swift in Sources */ = {isa = PBXBuildFile; fileRef = 4127AA592B6617C000D46282 /* GetWorkspaceRoles.swift */; };
		4127ABA42B6617C100D46282 /* GetCteAppMenus.swift in Sources */ = {isa = PBXBuildFile; fileRef = 4127AA5A2B6617C000D46282 /* GetCteAppMenus.swift */; };
		4127ABA52B6617C100D46282 /* PostWorkspacesCreate.swift in Sources */ = {isa = PBXBuildFile; fileRef = 4127AA5B2B6617C000D46282 /* PostWorkspacesCreate.swift */; };
		4127ABA62B6617C100D46282 /* GsmProviderEntity.swift in Sources */ = {isa = PBXBuildFile; fileRef = 4127AA5C2B6617C000D46282 /* GsmProviderEntity.swift */; };
		4127ABA72B6617C100D46282 /* AuthResultDto.swift in Sources */ = {isa = PBXBuildFile; fileRef = 4127AA5D2B6617C000D46282 /* AuthResultDto.swift */; };
		4127ABA82B6617C100D46282 /* UserProfileEntity.swift in Sources */ = {isa = PBXBuildFile; fileRef = 4127AA5E2B6617C000D46282 /* UserProfileEntity.swift */; };
		4127ABA92B6617C100D46282 /* PreferenceEntity.swift in Sources */ = {isa = PBXBuildFile; fileRef = 4127AA5F2B6617C000D46282 /* PreferenceEntity.swift */; };
		4127ABAA2B6617C100D46282 /* TestMailDto.swift in Sources */ = {isa = PBXBuildFile; fileRef = 4127AA602B6617C000D46282 /* TestMailDto.swift */; };
		4127ABAB2B6617C100D46282 /* PostWorkspaceRole.swift in Sources */ = {isa = PBXBuildFile; fileRef = 4127AA612B6617C000D46282 /* PostWorkspaceRole.swift */; };
		4127ABAC2B6617C100D46282 /* PendingWorkspaceInviteEntity.swift in Sources */ = {isa = PBXBuildFile; fileRef = 4127AA622B6617C000D46282 /* PendingWorkspaceInviteEntity.swift */; };
		4127ABAD2B6617C100D46282 /* PostEmailProvider.swift in Sources */ = {isa = PBXBuildFile; fileRef = 4127AA632B6617C000D46282 /* PostEmailProvider.swift */; };
		4127ABAE2B6617C100D46282 /* GetPublicJoinKeysExport.swift in Sources */ = {isa = PBXBuildFile; fileRef = 4127AA642B6617C000D46282 /* GetPublicJoinKeysExport.swift */; };
		4127ABAF2B6617C100D46282 /* WorkspaceRoleEntity.swift in Sources */ = {isa = PBXBuildFile; fileRef = 4127AA652B6617C000D46282 /* WorkspaceRoleEntity.swift */; };
		4127ABB02B6617C100D46282 /* ResetEmailDto.swift in Sources */ = {isa = PBXBuildFile; fileRef = 4127AA662B6617C000D46282 /* ResetEmailDto.swift */; };
		4127ABB12B6617C100D46282 /* GetEmailSendersExport.swift in Sources */ = {isa = PBXBuildFile; fileRef = 4127AA672B6617C000D46282 /* GetEmailSendersExport.swift */; };
		4127ABB22B6617C100D46282 /* ForgetPasswordEntity.swift in Sources */ = {isa = PBXBuildFile; fileRef = 4127AA682B6617C000D46282 /* ForgetPasswordEntity.swift */; };
		4127ABB32B6617C100D46282 /* GetCteWorkspaces.swift in Sources */ = {isa = PBXBuildFile; fileRef = 4127AA692B6617C000D46282 /* GetCteWorkspaces.swift */; };
		4127ABB42B6617C100D46282 /* AuthContextDto.swift in Sources */ = {isa = PBXBuildFile; fileRef = 4127AA6A2B6617C000D46282 /* AuthContextDto.swift */; };
		4127ABB52B6617C100D46282 /* EmailAccountSignupDto.swift in Sources */ = {isa = PBXBuildFile; fileRef = 4127AA6B2B6617C000D46282 /* EmailAccountSignupDto.swift */; };
		4127ABB62B6617C100D46282 /* GetBackupTableMetasExport.swift in Sources */ = {isa = PBXBuildFile; fileRef = 4127AA6C2B6617C000D46282 /* GetBackupTableMetasExport.swift */; };
		4127ABB72B6617C100D46282 /* GetPassportMethods.swift in Sources */ = {isa = PBXBuildFile; fileRef = 4127AA6D2B6617C000D46282 /* GetPassportMethods.swift */; };
		4127ABB82B6617C100D46282 /* PostPublicJoinKey.swift in Sources */ = {isa = PBXBuildFile; fileRef = 4127AA6E2B6617C000D46282 /* PostPublicJoinKey.swift */; };
		4127ABB92B6617C100D46282 /* PassportEntity.swift in Sources */ = {isa = PBXBuildFile; fileRef = 4127AA6F2B6617C000D46282 /* PassportEntity.swift */; };
		4127ABBA2B6617C100D46282 /* PostPassportSignupEmail.swift in Sources */ = {isa = PBXBuildFile; fileRef = 4127AA702B6617C000D46282 /* PostPassportSignupEmail.swift */; };
		4127ABBB2B6617C100D46282 /* ClassicAuthDto.swift in Sources */ = {isa = PBXBuildFile; fileRef = 4127AA712B6617C000D46282 /* ClassicAuthDto.swift */; };
		4127ABBC2B6617C100D46282 /* TableViewSizingEntity.swift in Sources */ = {isa = PBXBuildFile; fileRef = 4127AA722B6617C000D46282 /* TableViewSizingEntity.swift */; };
		4127ABBD2B6617C100D46282 /* EmailOtpResponseDto.swift in Sources */ = {isa = PBXBuildFile; fileRef = 4127AA732B6617C000D46282 /* EmailOtpResponseDto.swift */; };
		4127ABBE2B6617C100D46282 /* PostPassportRequestResetMailPassword.swift in Sources */ = {isa = PBXBuildFile; fileRef = 4127AA742B6617C000D46282 /* PostPassportRequestResetMailPassword.swift */; };
		4127ABBF2B6617C100D46282 /* GetUsersExport.swift in Sources */ = {isa = PBXBuildFile; fileRef = 4127AA752B6617C000D46282 /* GetUsersExport.swift */; };
		4127ABC02B6617C100D46282 /* GetRolesExport.swift in Sources */ = {isa = PBXBuildFile; fileRef = 4127AA762B6617C000D46282 /* GetRolesExport.swift */; };
		4127ABC12B6617C100D46282 /* EmailConfirmationEntity.swift in Sources */ = {isa = PBXBuildFile; fileRef = 4127AA772B6617C000D46282 /* EmailConfirmationEntity.swift */; };
		4127ABC22B6617C100D46282 /* GetPassportsExport.swift in Sources */ = {isa = PBXBuildFile; fileRef = 4127AA782B6617C000D46282 /* GetPassportsExport.swift */; };
		4127ABC32B6617C100D46282 /* GetUserRoleWorkspaces.swift in Sources */ = {isa = PBXBuildFile; fileRef = 4127AA792B6617C000D46282 /* GetUserRoleWorkspaces.swift */; };
		4127ABC42B6617C100D46282 /* GetWorkspaceTypesExport.swift in Sources */ = {isa = PBXBuildFile; fileRef = 4127AA7A2B6617C000D46282 /* GetWorkspaceTypesExport.swift */; };
		4127ABC52B6617C100D46282 /* GetEmailProvidersExport.swift in Sources */ = {isa = PBXBuildFile; fileRef = 4127AA7B2B6617C000D46282 /* GetEmailProvidersExport.swift */; };
		4127ABC62B6617C100D46282 /* GetUserWorkspaces.swift in Sources */ = {isa = PBXBuildFile; fileRef = 4127AA7C2B6617C000D46282 /* GetUserWorkspaces.swift */; };
		4127ABC72B6617C100D46282 /* ReactiveSearchResultDto.swift in Sources */ = {isa = PBXBuildFile; fileRef = 4127AA7D2B6617C000D46282 /* ReactiveSearchResultDto.swift */; };
		4127ABC82B6617C100D46282 /* WorkspaceConfigEntity.swift in Sources */ = {isa = PBXBuildFile; fileRef = 4127AA7E2B6617C000D46282 /* WorkspaceConfigEntity.swift */; };
		4127ABC92B6617C100D46282 /* AcceptInviteDto.swift in Sources */ = {isa = PBXBuildFile; fileRef = 4127AA7F2B6617C000D46282 /* AcceptInviteDto.swift */; };
		4127ABCA2B6617C100D46282 /* GetWorkspacesExport.swift in Sources */ = {isa = PBXBuildFile; fileRef = 4127AA802B6617C000D46282 /* GetWorkspacesExport.swift */; };
		4127ABCB2B6617C100D46282 /* WorkspacesActionsDto.swift in Sources */ = {isa = PBXBuildFile; fileRef = 4127AA812B6617C000D46282 /* WorkspacesActionsDto.swift */; };
		4127ABCC2B6617C100D46282 /* PostTableViewSizing.swift in Sources */ = {isa = PBXBuildFile; fileRef = 4127AA822B6617C000D46282 /* PostTableViewSizing.swift */; };
		4127ABCD2B6617C100D46282 /* PublicJoinKeyEntity.swift in Sources */ = {isa = PBXBuildFile; fileRef = 4127AA832B6617C000D46282 /* PublicJoinKeyEntity.swift */; };
		4127ABCE2B6617C100D46282 /* PostNotificationTestmail.swift in Sources */ = {isa = PBXBuildFile; fileRef = 4127AA842B6617C000D46282 /* PostNotificationTestmail.swift */; };
		4127ABCF2B6617C100D46282 /* WorkspaceInviteEntity.swift in Sources */ = {isa = PBXBuildFile; fileRef = 4127AA852B6617C000D46282 /* WorkspaceInviteEntity.swift */; };
		4127ABD02B6617C100D46282 /* WorkspaceTypeEntity.swift in Sources */ = {isa = PBXBuildFile; fileRef = 4127AA862B6617C000D46282 /* WorkspaceTypeEntity.swift */; };
		4127ABD12B6617C100D46282 /* GetUsers.swift in Sources */ = {isa = PBXBuildFile; fileRef = 4127AA872B6617C000D46282 /* GetUsers.swift */; };
		4127ABD22B6617C100D46282 /* GetPublicWorkspaceTypes.swift in Sources */ = {isa = PBXBuildFile; fileRef = 4127AA882B6617C000D46282 /* GetPublicWorkspaceTypes.swift */; };
		4127ABD32B6617C100D46282 /* PassportMethodEntity.swift in Sources */ = {isa = PBXBuildFile; fileRef = 4127AA892B6617C000D46282 /* PassportMethodEntity.swift */; };
		4127ABD42B6617C100D46282 /* PostUser.swift in Sources */ = {isa = PBXBuildFile; fileRef = 4127AA8A2B6617C000D46282 /* PostUser.swift */; };
		4127ABD52B6617C100D46282 /* EmailProviderEntity.swift in Sources */ = {isa = PBXBuildFile; fileRef = 4127AA8B2B6617C000D46282 /* EmailProviderEntity.swift */; };
		4127ABD62B6617C100D46282 /* GetWorkspaceInvites.swift in Sources */ = {isa = PBXBuildFile; fileRef = 4127AA8C2B6617C000D46282 /* GetWorkspaceInvites.swift */; };
		4127ABD72B6617C100D46282 /* PostPassportMethod.swift in Sources */ = {isa = PBXBuildFile; fileRef = 4127AA8D2B6617C000D46282 /* PostPassportMethod.swift */; };
		4127ABD82B6617C100D46282 /* UserEntity.swift in Sources */ = {isa = PBXBuildFile; fileRef = 4127AA8E2B6617C000D46282 /* UserEntity.swift */; };
		4127ABD92B6617C100D46282 /* EmailSenderEntity.swift in Sources */ = {isa = PBXBuildFile; fileRef = 4127AA8F2B6617C000D46282 /* EmailSenderEntity.swift */; };
		4127ABDA2B6617C100D46282 /* NotificationConfigEntity.swift in Sources */ = {isa = PBXBuildFile; fileRef = 4127AA902B6617C000D46282 /* NotificationConfigEntity.swift */; };
		4127ABDB2B6617C100D46282 /* GetAppMenusExport.swift in Sources */ = {isa = PBXBuildFile; fileRef = 4127AA912B6617C000D46282 /* GetAppMenusExport.swift */; };
		4127ABDC2B6617C100D46282 /* PostPassportAuthorizeOs.swift in Sources */ = {isa = PBXBuildFile; fileRef = 4127AA922B6617C000D46282 /* PostPassportAuthorizeOs.swift */; };
		4127ABDD2B6617C100D46282 /* GetWorkspaceTypes.swift in Sources */ = {isa = PBXBuildFile; fileRef = 4127AA932B6617C000D46282 /* GetWorkspaceTypes.swift */; };
		4127ABDE2B6617C100D46282 /* WorkspaceConfigDto.swift in Sources */ = {isa = PBXBuildFile; fileRef = 4127AA942B6617C000D46282 /* WorkspaceConfigDto.swift */; };
		4127ABDF2B6617C100D46282 /* PostRole.swift in Sources */ = {isa = PBXBuildFile; fileRef = 4127AA952B6617C000D46282 /* PostRole.swift */; };
		4127ABE02B6617C100D46282 /* GetCapabilities.swift in Sources */ = {isa = PBXBuildFile; fileRef = 4127AA962B6617C000D46282 /* GetCapabilities.swift */; };
		4127ABE12B6617C100D46282 /* WorkspaceDto.swift in Sources */ = {isa = PBXBuildFile; fileRef = 4127AA972B6617C000D46282 /* WorkspaceDto.swift */; };
		4127ABE22B6617C100D46282 /* PhoneNumberAccountCreationDto.swift in Sources */ = {isa = PBXBuildFile; fileRef = 4127AA982B6617C000D46282 /* PhoneNumberAccountCreationDto.swift */; };
		4127ABE32B6617C100D46282 /* UserRoleWorkspaceEntity.swift in Sources */ = {isa = PBXBuildFile; fileRef = 4127AA992B6617C000D46282 /* UserRoleWorkspaceEntity.swift */; };
		4127ABE42B6617C100D46282 /* RoleEntity.swift in Sources */ = {isa = PBXBuildFile; fileRef = 4127AA9A2B6617C000D46282 /* RoleEntity.swift */; };
		4127ABE52B6617C100D46282 /* GetGsmProviders.swift in Sources */ = {isa = PBXBuildFile; fileRef = 4127AA9B2B6617C000D46282 /* GetGsmProviders.swift */; };
		4127ABE62B6617C100D46282 /* PersonEntity.swift in Sources */ = {isa = PBXBuildFile; fileRef = 4127AA9C2B6617C000D46282 /* PersonEntity.swift */; };
		4127ABE72B6617C100D46282 /* PostAppMenu.swift in Sources */ = {isa = PBXBuildFile; fileRef = 4127AA9D2B6617C000D46282 /* PostAppMenu.swift */; };
		4127ABE82B6617C100D46282 /* UserWorkspaceEntity.swift in Sources */ = {isa = PBXBuildFile; fileRef = 4127AA9E2B6617C000D46282 /* UserWorkspaceEntity.swift */; };
		4127ABE92B6617C100D46282 /* PostUserWorkspace.swift in Sources */ = {isa = PBXBuildFile; fileRef = 4127AA9F2B6617C000D46282 /* PostUserWorkspace.swift */; };
		4127ABEA2B6617C100D46282 /* GetEmailProviders.swift in Sources */ = {isa = PBXBuildFile; fileRef = 4127AAA02B6617C000D46282 /* GetEmailProviders.swift */; };
		4127ABEB2B6617C100D46282 /* PostWorkspaceInvite.swift in Sources */ = {isa = PBXBuildFile; fileRef = 4127AAA12B6617C000D46282 /* PostWorkspaceInvite.swift */; };
		4127ABEC2B6617C100D46282 /* GetPassportMethodsExport.swift in Sources */ = {isa = PBXBuildFile; fileRef = 4127AAA22B6617C000D46282 /* GetPassportMethodsExport.swift */; };
		4127ABED2B6617C100D46282 /* GetRoles.swift in Sources */ = {isa = PBXBuildFile; fileRef = 4127AAA32B6617C000D46282 /* GetRoles.swift */; };
		4127ABEE2B6617C100D46282 /* GetPassports.swift in Sources */ = {isa = PBXBuildFile; fileRef = 4127AAA42B6617C000D46282 /* GetPassports.swift */; };
		4127ABEF2B6617C100D46282 /* EmailAccountSigninDto.swift in Sources */ = {isa = PBXBuildFile; fileRef = 4127AAA52B6617C000D46282 /* EmailAccountSigninDto.swift */; };
		4127ABF02B6617C100D46282 /* PostPassportSigninEmail.swift in Sources */ = {isa = PBXBuildFile; fileRef = 4127AAA62B6617C000D46282 /* PostPassportSigninEmail.swift */; };
		4127ABF12B6617C100D46282 /* GetCteUserRoleWorkspaces.swift in Sources */ = {isa = PBXBuildFile; fileRef = 4127AAA72B6617C000D46282 /* GetCteUserRoleWorkspaces.swift */; };
		4127AC892B6617C200D46282 /* PostCommonProfile.swift in Sources */ = {isa = PBXBuildFile; fileRef = 4127AB422B6617C100D46282 /* PostCommonProfile.swift */; };
		4127AC8A2B6617C200D46282 /* GetCommonProfiles.swift in Sources */ = {isa = PBXBuildFile; fileRef = 4127AB432B6617C100D46282 /* GetCommonProfiles.swift */; };
		4127AC8B2B6617C200D46282 /* CommonProfileEntity.swift in Sources */ = {isa = PBXBuildFile; fileRef = 4127AB442B6617C100D46282 /* CommonProfileEntity.swift */; };
		4127AC8C2B6617C200D46282 /* GetCommonProfilesExport.swift in Sources */ = {isa = PBXBuildFile; fileRef = 4127AB452B6617C100D46282 /* GetCommonProfilesExport.swift */; };
		4127AC9A2B6617C200D46282 /* FbSwiftSdk.swift in Sources */ = {isa = PBXBuildFile; fileRef = 4127AB552B6617C100D46282 /* FbSwiftSdk.swift */; };
		414766E92B01925C000E232B /* firebackiosApp.swift in Sources */ = {isa = PBXBuildFile; fileRef = 414766E82B01925C000E232B /* firebackiosApp.swift */; };
		414766EB2B01925C000E232B /* ContentView.swift in Sources */ = {isa = PBXBuildFile; fileRef = 414766EA2B01925C000E232B /* ContentView.swift */; };
		414766ED2B01925E000E232B /* Assets.xcassets in Resources */ = {isa = PBXBuildFile; fileRef = 414766EC2B01925E000E232B /* Assets.xcassets */; };
		414766F02B01925E000E232B /* Preview Assets.xcassets in Resources */ = {isa = PBXBuildFile; fileRef = 414766EF2B01925E000E232B /* Preview Assets.xcassets */; };
		41A0AB842B4E16C5002C2FC8 /* SignupForm.swift in Sources */ = {isa = PBXBuildFile; fileRef = 41A0AB832B4E16C5002C2FC8 /* SignupForm.swift */; };
		41A0AD162B4F5218002C2FC8 /* SigninForm.swift in Sources */ = {isa = PBXBuildFile; fileRef = 41A0AD152B4F5218002C2FC8 /* SigninForm.swift */; };
		41A0B92C2B514630002C2FC8 /* RoleList.swift in Sources */ = {isa = PBXBuildFile; fileRef = 41A0B92B2B514630002C2FC8 /* RoleList.swift */; };
		41A0B92E2B514686002C2FC8 /* AuthService.swift in Sources */ = {isa = PBXBuildFile; fileRef = 41A0B92D2B514686002C2FC8 /* AuthService.swift */; };
		41A0BBA22B5722A8002C2FC8 /* AuthenticationWelcomeScreen.swift in Sources */ = {isa = PBXBuildFile; fileRef = 41A0BBA12B5722A8002C2FC8 /* AuthenticationWelcomeScreen.swift */; };
		41A0BBA42B575B88002C2FC8 /* EmailSignupForm.swift in Sources */ = {isa = PBXBuildFile; fileRef = 41A0BBA32B575B88002C2FC8 /* EmailSignupForm.swift */; };
		41AA5BEE2B3CBA130071A73F /* SignupSingleScreen.swift in Sources */ = {isa = PBXBuildFile; fileRef = 41AA5BED2B3CBA130071A73F /* SignupSingleScreen.swift */; };
		41D218DB2B01A39800BBFFDF /* action.swift in Sources */ = {isa = PBXBuildFile; fileRef = 41D218DA2B01A39800BBFFDF /* action.swift */; };
		41F7CD8F2B5882340084509F /* Forms.swift in Sources */ = {isa = PBXBuildFile; fileRef = 41F7CD8E2B5882340084509F /* Forms.swift */; };
		41F7CD912B5887740084509F /* Buttons.swift in Sources */ = {isa = PBXBuildFile; fileRef = 41F7CD902B5887740084509F /* Buttons.swift */; };
		41F7CD932B58BECE0084509F /* View.xib in Resources */ = {isa = PBXBuildFile; fileRef = 41F7CD922B58BECE0084509F /* View.xib */; };
		41F7CD952B58BEFC0084509F /* Storyboard.storyboard in Resources */ = {isa = PBXBuildFile; fileRef = 41F7CD942B58BEFC0084509F /* Storyboard.storyboard */; };
/* End PBXBuildFile section */

/* Begin PBXFileReference section */
		1F968A6B50A5D917D4B8A89A /* Pods-firebackios.release.xcconfig */ = {isa = PBXFileReference; includeInIndex = 1; lastKnownFileType = text.xcconfig; name = "Pods-firebackios.release.xcconfig"; path = "Target Support Files/Pods-firebackios/Pods-firebackios.release.xcconfig"; sourceTree = "<group>"; };
		4127AA082B6617C000D46282 /* index.go */ = {isa = PBXFileReference; fileEncoding = 4; lastKnownFileType = text; path = index.go; sourceTree = "<group>"; };
		4127AA092B6617C000D46282 /* cachemap.json */ = {isa = PBXFileReference; fileEncoding = 4; lastKnownFileType = text.json; path = cachemap.json; sourceTree = "<group>"; };
		4127AA2D2B6617C000D46282 /* GetPublicJoinKeys.swift */ = {isa = PBXFileReference; fileEncoding = 4; lastKnownFileType = sourcecode.swift; path = GetPublicJoinKeys.swift; sourceTree = "<group>"; };
		4127AA2E2B6617C000D46282 /* PostBackupTableMeta.swift */ = {isa = PBXFileReference; fileEncoding = 4; lastKnownFileType = sourcecode.swift; path = PostBackupTableMeta.swift; sourceTree = "<group>"; };
		4127AA2F2B6617C000D46282 /* GetWorkspaces.swift */ = {isa = PBXFileReference; fileEncoding = 4; lastKnownFileType = sourcecode.swift; path = GetWorkspaces.swift; sourceTree = "<group>"; };
		4127AA302B6617C000D46282 /* GetTableViewSizingsExport.swift */ = {isa = PBXFileReference; fileEncoding = 4; lastKnownFileType = sourcecode.swift; path = GetTableViewSizingsExport.swift; sourceTree = "<group>"; };
		4127AA312B6617C000D46282 /* GetTableViewSizings.swift */ = {isa = PBXFileReference; fileEncoding = 4; lastKnownFileType = sourcecode.swift; path = GetTableViewSizings.swift; sourceTree = "<group>"; };
		4127AA322B6617C000D46282 /* PostWorkspacePassportOtp.swift */ = {isa = PBXFileReference; fileEncoding = 4; lastKnownFileType = sourcecode.swift; path = PostWorkspacePassportOtp.swift; sourceTree = "<group>"; };
		4127AA332B6617C000D46282 /* WorkspaceEntity.swift */ = {isa = PBXFileReference; fileEncoding = 4; lastKnownFileType = sourcecode.swift; path = WorkspaceEntity.swift; sourceTree = "<group>"; };
		4127AA342B6617C000D46282 /* CapabilityEntity.swift */ = {isa = PBXFileReference; fileEncoding = 4; lastKnownFileType = sourcecode.swift; path = CapabilityEntity.swift; sourceTree = "<group>"; };
		4127AA352B6617C000D46282 /* PostEmailConfirmation.swift */ = {isa = PBXFileReference; fileEncoding = 4; lastKnownFileType = sourcecode.swift; path = PostEmailConfirmation.swift; sourceTree = "<group>"; };
		4127AA362B6617C000D46282 /* PostPassport.swift */ = {isa = PBXFileReference; fileEncoding = 4; lastKnownFileType = sourcecode.swift; path = PostPassport.swift; sourceTree = "<group>"; };
		4127AA372B6617C000D46282 /* GetCapabilitiesExport.swift */ = {isa = PBXFileReference; fileEncoding = 4; lastKnownFileType = sourcecode.swift; path = GetCapabilitiesExport.swift; sourceTree = "<group>"; };
		4127AA382B6617C000D46282 /* PostGsmSendSms.swift */ = {isa = PBXFileReference; fileEncoding = 4; lastKnownFileType = sourcecode.swift; path = PostGsmSendSms.swift; sourceTree = "<group>"; };
		4127AA392B6617C000D46282 /* GetUserRoleWorkspacesExport.swift */ = {isa = PBXFileReference; fileEncoding = 4; lastKnownFileType = sourcecode.swift; path = GetUserRoleWorkspacesExport.swift; sourceTree = "<group>"; };
		4127AA3A2B6617C000D46282 /* GetWorkspaceRolesExport.swift */ = {isa = PBXFileReference; fileEncoding = 4; lastKnownFileType = sourcecode.swift; path = GetWorkspaceRolesExport.swift; sourceTree = "<group>"; };
		4127AA3B2B6617C000D46282 /* GetNotificationConfigsExport.swift */ = {isa = PBXFileReference; fileEncoding = 4; lastKnownFileType = sourcecode.swift; path = GetNotificationConfigsExport.swift; sourceTree = "<group>"; };
		4127AA3C2B6617C000D46282 /* GetEmailSenders.swift */ = {isa = PBXFileReference; fileEncoding = 4; lastKnownFileType = sourcecode.swift; path = GetEmailSenders.swift; sourceTree = "<group>"; };
		4127AA3D2B6617C000D46282 /* PostGsmProviderSendSms.swift */ = {isa = PBXFileReference; fileEncoding = 4; lastKnownFileType = sourcecode.swift; path = PostGsmProviderSendSms.swift; sourceTree = "<group>"; };
		4127AA3E2B6617C000D46282 /* GetEmailConfirmationsExport.swift */ = {isa = PBXFileReference; fileEncoding = 4; lastKnownFileType = sourcecode.swift; path = GetEmailConfirmationsExport.swift; sourceTree = "<group>"; };
		4127AA3F2B6617C000D46282 /* GetUserWorkspacesExport.swift */ = {isa = PBXFileReference; fileEncoding = 4; lastKnownFileType = sourcecode.swift; path = GetUserWorkspacesExport.swift; sourceTree = "<group>"; };
		4127AA402B6617C000D46282 /* PostGsmProvider.swift */ = {isa = PBXFileReference; fileEncoding = 4; lastKnownFileType = sourcecode.swift; path = PostGsmProvider.swift; sourceTree = "<group>"; };
		4127AA412B6617C000D46282 /* PostPassportsSigninClassic.swift */ = {isa = PBXFileReference; fileEncoding = 4; lastKnownFileType = sourcecode.swift; path = PostPassportsSigninClassic.swift; sourceTree = "<group>"; };
		4127AA422B6617C000D46282 /* PostWorkspaceType.swift */ = {isa = PBXFileReference; fileEncoding = 4; lastKnownFileType = sourcecode.swift; path = PostWorkspaceType.swift; sourceTree = "<group>"; };
		4127AA432B6617C000D46282 /* AppMenuEntity.swift */ = {isa = PBXFileReference; fileEncoding = 4; lastKnownFileType = sourcecode.swift; path = AppMenuEntity.swift; sourceTree = "<group>"; };
		4127AA442B6617C000D46282 /* GetGsmProvidersExport.swift */ = {isa = PBXFileReference; fileEncoding = 4; lastKnownFileType = sourcecode.swift; path = GetGsmProvidersExport.swift; sourceTree = "<group>"; };
		4127AA452B6617C000D46282 /* PostCapability.swift */ = {isa = PBXFileReference; fileEncoding = 4; lastKnownFileType = sourcecode.swift; path = PostCapability.swift; sourceTree = "<group>"; };
		4127AA462B6617C000D46282 /* ExchangeKeyInformationDto.swift */ = {isa = PBXFileReference; fileEncoding = 4; lastKnownFileType = sourcecode.swift; path = ExchangeKeyInformationDto.swift; sourceTree = "<group>"; };
		4127AA472B6617C000D46282 /* PostNotificationConfig.swift */ = {isa = PBXFileReference; fileEncoding = 4; lastKnownFileType = sourcecode.swift; path = PostNotificationConfig.swift; sourceTree = "<group>"; };
		4127AA482B6617C000D46282 /* TokenEntity.swift */ = {isa = PBXFileReference; fileEncoding = 4; lastKnownFileType = sourcecode.swift; path = TokenEntity.swift; sourceTree = "<group>"; };
		4127AA492B6617C000D46282 /* UserAccessLevelDto.swift */ = {isa = PBXFileReference; fileEncoding = 4; lastKnownFileType = sourcecode.swift; path = UserAccessLevelDto.swift; sourceTree = "<group>"; };
		4127AA4A2B6617C000D46282 /* BackupTableMetaEntity.swift */ = {isa = PBXFileReference; fileEncoding = 4; lastKnownFileType = sourcecode.swift; path = BackupTableMetaEntity.swift; sourceTree = "<group>"; };
		4127AA4B2B6617C000D46282 /* PostWorkspace.swift */ = {isa = PBXFileReference; fileEncoding = 4; lastKnownFileType = sourcecode.swift; path = PostWorkspace.swift; sourceTree = "<group>"; };
		4127AA4C2B6617C000D46282 /* PostEmailSender.swift */ = {isa = PBXFileReference; fileEncoding = 4; lastKnownFileType = sourcecode.swift; path = PostEmailSender.swift; sourceTree = "<group>"; };
		4127AA4D2B6617C000D46282 /* PostBackupImport.swift */ = {isa = PBXFileReference; fileEncoding = 4; lastKnownFileType = sourcecode.swift; path = PostBackupImport.swift; sourceTree = "<group>"; };
		4127AA4E2B6617C000D46282 /* PostPassportsSignupClassic.swift */ = {isa = PBXFileReference; fileEncoding = 4; lastKnownFileType = sourcecode.swift; path = PostPassportsSignupClassic.swift; sourceTree = "<group>"; };
		4127AA4F2B6617C000D46282 /* AssignRoleDto.swift */ = {isa = PBXFileReference; fileEncoding = 4; lastKnownFileType = sourcecode.swift; path = AssignRoleDto.swift; sourceTree = "<group>"; };
		4127AA502B6617C000D46282 /* UserSessionDto.swift */ = {isa = PBXFileReference; fileEncoding = 4; lastKnownFileType = sourcecode.swift; path = UserSessionDto.swift; sourceTree = "<group>"; };
		4127AA512B6617C000D46282 /* GetBackupTableMetas.swift */ = {isa = PBXFileReference; fileEncoding = 4; lastKnownFileType = sourcecode.swift; path = GetBackupTableMetas.swift; sourceTree = "<group>"; };
		4127AA522B6617C000D46282 /* PostWorkspacePassportCheck.swift */ = {isa = PBXFileReference; fileEncoding = 4; lastKnownFileType = sourcecode.swift; path = PostWorkspacePassportCheck.swift; sourceTree = "<group>"; };
		4127AA532B6617C000D46282 /* OtpAuthenticateDto.swift */ = {isa = PBXFileReference; fileEncoding = 4; lastKnownFileType = sourcecode.swift; path = OtpAuthenticateDto.swift; sourceTree = "<group>"; };
		4127AA542B6617C000D46282 /* PhoneConfirmationEntity.swift */ = {isa = PBXFileReference; fileEncoding = 4; lastKnownFileType = sourcecode.swift; path = PhoneConfirmationEntity.swift; sourceTree = "<group>"; };
		4127AA552B6617C000D46282 /* GetAppMenus.swift */ = {isa = PBXFileReference; fileEncoding = 4; lastKnownFileType = sourcecode.swift; path = GetAppMenus.swift; sourceTree = "<group>"; };
		4127AA562B6617C000D46282 /* GetWorkspaceInvitesExport.swift */ = {isa = PBXFileReference; fileEncoding = 4; lastKnownFileType = sourcecode.swift; path = GetWorkspaceInvitesExport.swift; sourceTree = "<group>"; };
		4127AA572B6617C000D46282 /* GetNotificationConfigs.swift */ = {isa = PBXFileReference; fileEncoding = 4; lastKnownFileType = sourcecode.swift; path = GetNotificationConfigs.swift; sourceTree = "<group>"; };
		4127AA582B6617C000D46282 /* GetEmailConfirmations.swift */ = {isa = PBXFileReference; fileEncoding = 4; lastKnownFileType = sourcecode.swift; path = GetEmailConfirmations.swift; sourceTree = "<group>"; };
		4127AA592B6617C000D46282 /* GetWorkspaceRoles.swift */ = {isa = PBXFileReference; fileEncoding = 4; lastKnownFileType = sourcecode.swift; path = GetWorkspaceRoles.swift; sourceTree = "<group>"; };
		4127AA5A2B6617C000D46282 /* GetCteAppMenus.swift */ = {isa = PBXFileReference; fileEncoding = 4; lastKnownFileType = sourcecode.swift; path = GetCteAppMenus.swift; sourceTree = "<group>"; };
		4127AA5B2B6617C000D46282 /* PostWorkspacesCreate.swift */ = {isa = PBXFileReference; fileEncoding = 4; lastKnownFileType = sourcecode.swift; path = PostWorkspacesCreate.swift; sourceTree = "<group>"; };
		4127AA5C2B6617C000D46282 /* GsmProviderEntity.swift */ = {isa = PBXFileReference; fileEncoding = 4; lastKnownFileType = sourcecode.swift; path = GsmProviderEntity.swift; sourceTree = "<group>"; };
		4127AA5D2B6617C000D46282 /* AuthResultDto.swift */ = {isa = PBXFileReference; fileEncoding = 4; lastKnownFileType = sourcecode.swift; path = AuthResultDto.swift; sourceTree = "<group>"; };
		4127AA5E2B6617C000D46282 /* UserProfileEntity.swift */ = {isa = PBXFileReference; fileEncoding = 4; lastKnownFileType = sourcecode.swift; path = UserProfileEntity.swift; sourceTree = "<group>"; };
		4127AA5F2B6617C000D46282 /* PreferenceEntity.swift */ = {isa = PBXFileReference; fileEncoding = 4; lastKnownFileType = sourcecode.swift; path = PreferenceEntity.swift; sourceTree = "<group>"; };
		4127AA602B6617C000D46282 /* TestMailDto.swift */ = {isa = PBXFileReference; fileEncoding = 4; lastKnownFileType = sourcecode.swift; path = TestMailDto.swift; sourceTree = "<group>"; };
		4127AA612B6617C000D46282 /* PostWorkspaceRole.swift */ = {isa = PBXFileReference; fileEncoding = 4; lastKnownFileType = sourcecode.swift; path = PostWorkspaceRole.swift; sourceTree = "<group>"; };
		4127AA622B6617C000D46282 /* PendingWorkspaceInviteEntity.swift */ = {isa = PBXFileReference; fileEncoding = 4; lastKnownFileType = sourcecode.swift; path = PendingWorkspaceInviteEntity.swift; sourceTree = "<group>"; };
		4127AA632B6617C000D46282 /* PostEmailProvider.swift */ = {isa = PBXFileReference; fileEncoding = 4; lastKnownFileType = sourcecode.swift; path = PostEmailProvider.swift; sourceTree = "<group>"; };
		4127AA642B6617C000D46282 /* GetPublicJoinKeysExport.swift */ = {isa = PBXFileReference; fileEncoding = 4; lastKnownFileType = sourcecode.swift; path = GetPublicJoinKeysExport.swift; sourceTree = "<group>"; };
		4127AA652B6617C000D46282 /* WorkspaceRoleEntity.swift */ = {isa = PBXFileReference; fileEncoding = 4; lastKnownFileType = sourcecode.swift; path = WorkspaceRoleEntity.swift; sourceTree = "<group>"; };
		4127AA662B6617C000D46282 /* ResetEmailDto.swift */ = {isa = PBXFileReference; fileEncoding = 4; lastKnownFileType = sourcecode.swift; path = ResetEmailDto.swift; sourceTree = "<group>"; };
		4127AA672B6617C000D46282 /* GetEmailSendersExport.swift */ = {isa = PBXFileReference; fileEncoding = 4; lastKnownFileType = sourcecode.swift; path = GetEmailSendersExport.swift; sourceTree = "<group>"; };
		4127AA682B6617C000D46282 /* ForgetPasswordEntity.swift */ = {isa = PBXFileReference; fileEncoding = 4; lastKnownFileType = sourcecode.swift; path = ForgetPasswordEntity.swift; sourceTree = "<group>"; };
		4127AA692B6617C000D46282 /* GetCteWorkspaces.swift */ = {isa = PBXFileReference; fileEncoding = 4; lastKnownFileType = sourcecode.swift; path = GetCteWorkspaces.swift; sourceTree = "<group>"; };
		4127AA6A2B6617C000D46282 /* AuthContextDto.swift */ = {isa = PBXFileReference; fileEncoding = 4; lastKnownFileType = sourcecode.swift; path = AuthContextDto.swift; sourceTree = "<group>"; };
		4127AA6B2B6617C000D46282 /* EmailAccountSignupDto.swift */ = {isa = PBXFileReference; fileEncoding = 4; lastKnownFileType = sourcecode.swift; path = EmailAccountSignupDto.swift; sourceTree = "<group>"; };
		4127AA6C2B6617C000D46282 /* GetBackupTableMetasExport.swift */ = {isa = PBXFileReference; fileEncoding = 4; lastKnownFileType = sourcecode.swift; path = GetBackupTableMetasExport.swift; sourceTree = "<group>"; };
		4127AA6D2B6617C000D46282 /* GetPassportMethods.swift */ = {isa = PBXFileReference; fileEncoding = 4; lastKnownFileType = sourcecode.swift; path = GetPassportMethods.swift; sourceTree = "<group>"; };
		4127AA6E2B6617C000D46282 /* PostPublicJoinKey.swift */ = {isa = PBXFileReference; fileEncoding = 4; lastKnownFileType = sourcecode.swift; path = PostPublicJoinKey.swift; sourceTree = "<group>"; };
		4127AA6F2B6617C000D46282 /* PassportEntity.swift */ = {isa = PBXFileReference; fileEncoding = 4; lastKnownFileType = sourcecode.swift; path = PassportEntity.swift; sourceTree = "<group>"; };
		4127AA702B6617C000D46282 /* PostPassportSignupEmail.swift */ = {isa = PBXFileReference; fileEncoding = 4; lastKnownFileType = sourcecode.swift; path = PostPassportSignupEmail.swift; sourceTree = "<group>"; };
		4127AA712B6617C000D46282 /* ClassicAuthDto.swift */ = {isa = PBXFileReference; fileEncoding = 4; lastKnownFileType = sourcecode.swift; path = ClassicAuthDto.swift; sourceTree = "<group>"; };
		4127AA722B6617C000D46282 /* TableViewSizingEntity.swift */ = {isa = PBXFileReference; fileEncoding = 4; lastKnownFileType = sourcecode.swift; path = TableViewSizingEntity.swift; sourceTree = "<group>"; };
		4127AA732B6617C000D46282 /* EmailOtpResponseDto.swift */ = {isa = PBXFileReference; fileEncoding = 4; lastKnownFileType = sourcecode.swift; path = EmailOtpResponseDto.swift; sourceTree = "<group>"; };
		4127AA742B6617C000D46282 /* PostPassportRequestResetMailPassword.swift */ = {isa = PBXFileReference; fileEncoding = 4; lastKnownFileType = sourcecode.swift; path = PostPassportRequestResetMailPassword.swift; sourceTree = "<group>"; };
		4127AA752B6617C000D46282 /* GetUsersExport.swift */ = {isa = PBXFileReference; fileEncoding = 4; lastKnownFileType = sourcecode.swift; path = GetUsersExport.swift; sourceTree = "<group>"; };
		4127AA762B6617C000D46282 /* GetRolesExport.swift */ = {isa = PBXFileReference; fileEncoding = 4; lastKnownFileType = sourcecode.swift; path = GetRolesExport.swift; sourceTree = "<group>"; };
		4127AA772B6617C000D46282 /* EmailConfirmationEntity.swift */ = {isa = PBXFileReference; fileEncoding = 4; lastKnownFileType = sourcecode.swift; path = EmailConfirmationEntity.swift; sourceTree = "<group>"; };
		4127AA782B6617C000D46282 /* GetPassportsExport.swift */ = {isa = PBXFileReference; fileEncoding = 4; lastKnownFileType = sourcecode.swift; path = GetPassportsExport.swift; sourceTree = "<group>"; };
		4127AA792B6617C000D46282 /* GetUserRoleWorkspaces.swift */ = {isa = PBXFileReference; fileEncoding = 4; lastKnownFileType = sourcecode.swift; path = GetUserRoleWorkspaces.swift; sourceTree = "<group>"; };
		4127AA7A2B6617C000D46282 /* GetWorkspaceTypesExport.swift */ = {isa = PBXFileReference; fileEncoding = 4; lastKnownFileType = sourcecode.swift; path = GetWorkspaceTypesExport.swift; sourceTree = "<group>"; };
		4127AA7B2B6617C000D46282 /* GetEmailProvidersExport.swift */ = {isa = PBXFileReference; fileEncoding = 4; lastKnownFileType = sourcecode.swift; path = GetEmailProvidersExport.swift; sourceTree = "<group>"; };
		4127AA7C2B6617C000D46282 /* GetUserWorkspaces.swift */ = {isa = PBXFileReference; fileEncoding = 4; lastKnownFileType = sourcecode.swift; path = GetUserWorkspaces.swift; sourceTree = "<group>"; };
		4127AA7D2B6617C000D46282 /* ReactiveSearchResultDto.swift */ = {isa = PBXFileReference; fileEncoding = 4; lastKnownFileType = sourcecode.swift; path = ReactiveSearchResultDto.swift; sourceTree = "<group>"; };
		4127AA7E2B6617C000D46282 /* WorkspaceConfigEntity.swift */ = {isa = PBXFileReference; fileEncoding = 4; lastKnownFileType = sourcecode.swift; path = WorkspaceConfigEntity.swift; sourceTree = "<group>"; };
		4127AA7F2B6617C000D46282 /* AcceptInviteDto.swift */ = {isa = PBXFileReference; fileEncoding = 4; lastKnownFileType = sourcecode.swift; path = AcceptInviteDto.swift; sourceTree = "<group>"; };
		4127AA802B6617C000D46282 /* GetWorkspacesExport.swift */ = {isa = PBXFileReference; fileEncoding = 4; lastKnownFileType = sourcecode.swift; path = GetWorkspacesExport.swift; sourceTree = "<group>"; };
		4127AA812B6617C000D46282 /* WorkspacesActionsDto.swift */ = {isa = PBXFileReference; fileEncoding = 4; lastKnownFileType = sourcecode.swift; path = WorkspacesActionsDto.swift; sourceTree = "<group>"; };
		4127AA822B6617C000D46282 /* PostTableViewSizing.swift */ = {isa = PBXFileReference; fileEncoding = 4; lastKnownFileType = sourcecode.swift; path = PostTableViewSizing.swift; sourceTree = "<group>"; };
		4127AA832B6617C000D46282 /* PublicJoinKeyEntity.swift */ = {isa = PBXFileReference; fileEncoding = 4; lastKnownFileType = sourcecode.swift; path = PublicJoinKeyEntity.swift; sourceTree = "<group>"; };
		4127AA842B6617C000D46282 /* PostNotificationTestmail.swift */ = {isa = PBXFileReference; fileEncoding = 4; lastKnownFileType = sourcecode.swift; path = PostNotificationTestmail.swift; sourceTree = "<group>"; };
		4127AA852B6617C000D46282 /* WorkspaceInviteEntity.swift */ = {isa = PBXFileReference; fileEncoding = 4; lastKnownFileType = sourcecode.swift; path = WorkspaceInviteEntity.swift; sourceTree = "<group>"; };
		4127AA862B6617C000D46282 /* WorkspaceTypeEntity.swift */ = {isa = PBXFileReference; fileEncoding = 4; lastKnownFileType = sourcecode.swift; path = WorkspaceTypeEntity.swift; sourceTree = "<group>"; };
		4127AA872B6617C000D46282 /* GetUsers.swift */ = {isa = PBXFileReference; fileEncoding = 4; lastKnownFileType = sourcecode.swift; path = GetUsers.swift; sourceTree = "<group>"; };
		4127AA882B6617C000D46282 /* GetPublicWorkspaceTypes.swift */ = {isa = PBXFileReference; fileEncoding = 4; lastKnownFileType = sourcecode.swift; path = GetPublicWorkspaceTypes.swift; sourceTree = "<group>"; };
		4127AA892B6617C000D46282 /* PassportMethodEntity.swift */ = {isa = PBXFileReference; fileEncoding = 4; lastKnownFileType = sourcecode.swift; path = PassportMethodEntity.swift; sourceTree = "<group>"; };
		4127AA8A2B6617C000D46282 /* PostUser.swift */ = {isa = PBXFileReference; fileEncoding = 4; lastKnownFileType = sourcecode.swift; path = PostUser.swift; sourceTree = "<group>"; };
		4127AA8B2B6617C000D46282 /* EmailProviderEntity.swift */ = {isa = PBXFileReference; fileEncoding = 4; lastKnownFileType = sourcecode.swift; path = EmailProviderEntity.swift; sourceTree = "<group>"; };
		4127AA8C2B6617C000D46282 /* GetWorkspaceInvites.swift */ = {isa = PBXFileReference; fileEncoding = 4; lastKnownFileType = sourcecode.swift; path = GetWorkspaceInvites.swift; sourceTree = "<group>"; };
		4127AA8D2B6617C000D46282 /* PostPassportMethod.swift */ = {isa = PBXFileReference; fileEncoding = 4; lastKnownFileType = sourcecode.swift; path = PostPassportMethod.swift; sourceTree = "<group>"; };
		4127AA8E2B6617C000D46282 /* UserEntity.swift */ = {isa = PBXFileReference; fileEncoding = 4; lastKnownFileType = sourcecode.swift; path = UserEntity.swift; sourceTree = "<group>"; };
		4127AA8F2B6617C000D46282 /* EmailSenderEntity.swift */ = {isa = PBXFileReference; fileEncoding = 4; lastKnownFileType = sourcecode.swift; path = EmailSenderEntity.swift; sourceTree = "<group>"; };
		4127AA902B6617C000D46282 /* NotificationConfigEntity.swift */ = {isa = PBXFileReference; fileEncoding = 4; lastKnownFileType = sourcecode.swift; path = NotificationConfigEntity.swift; sourceTree = "<group>"; };
		4127AA912B6617C000D46282 /* GetAppMenusExport.swift */ = {isa = PBXFileReference; fileEncoding = 4; lastKnownFileType = sourcecode.swift; path = GetAppMenusExport.swift; sourceTree = "<group>"; };
		4127AA922B6617C000D46282 /* PostPassportAuthorizeOs.swift */ = {isa = PBXFileReference; fileEncoding = 4; lastKnownFileType = sourcecode.swift; path = PostPassportAuthorizeOs.swift; sourceTree = "<group>"; };
		4127AA932B6617C000D46282 /* GetWorkspaceTypes.swift */ = {isa = PBXFileReference; fileEncoding = 4; lastKnownFileType = sourcecode.swift; path = GetWorkspaceTypes.swift; sourceTree = "<group>"; };
		4127AA942B6617C000D46282 /* WorkspaceConfigDto.swift */ = {isa = PBXFileReference; fileEncoding = 4; lastKnownFileType = sourcecode.swift; path = WorkspaceConfigDto.swift; sourceTree = "<group>"; };
		4127AA952B6617C000D46282 /* PostRole.swift */ = {isa = PBXFileReference; fileEncoding = 4; lastKnownFileType = sourcecode.swift; path = PostRole.swift; sourceTree = "<group>"; };
		4127AA962B6617C000D46282 /* GetCapabilities.swift */ = {isa = PBXFileReference; fileEncoding = 4; lastKnownFileType = sourcecode.swift; path = GetCapabilities.swift; sourceTree = "<group>"; };
		4127AA972B6617C000D46282 /* WorkspaceDto.swift */ = {isa = PBXFileReference; fileEncoding = 4; lastKnownFileType = sourcecode.swift; path = WorkspaceDto.swift; sourceTree = "<group>"; };
		4127AA982B6617C000D46282 /* PhoneNumberAccountCreationDto.swift */ = {isa = PBXFileReference; fileEncoding = 4; lastKnownFileType = sourcecode.swift; path = PhoneNumberAccountCreationDto.swift; sourceTree = "<group>"; };
		4127AA992B6617C000D46282 /* UserRoleWorkspaceEntity.swift */ = {isa = PBXFileReference; fileEncoding = 4; lastKnownFileType = sourcecode.swift; path = UserRoleWorkspaceEntity.swift; sourceTree = "<group>"; };
		4127AA9A2B6617C000D46282 /* RoleEntity.swift */ = {isa = PBXFileReference; fileEncoding = 4; lastKnownFileType = sourcecode.swift; path = RoleEntity.swift; sourceTree = "<group>"; };
		4127AA9B2B6617C000D46282 /* GetGsmProviders.swift */ = {isa = PBXFileReference; fileEncoding = 4; lastKnownFileType = sourcecode.swift; path = GetGsmProviders.swift; sourceTree = "<group>"; };
		4127AA9C2B6617C000D46282 /* PersonEntity.swift */ = {isa = PBXFileReference; fileEncoding = 4; lastKnownFileType = sourcecode.swift; path = PersonEntity.swift; sourceTree = "<group>"; };
		4127AA9D2B6617C000D46282 /* PostAppMenu.swift */ = {isa = PBXFileReference; fileEncoding = 4; lastKnownFileType = sourcecode.swift; path = PostAppMenu.swift; sourceTree = "<group>"; };
		4127AA9E2B6617C000D46282 /* UserWorkspaceEntity.swift */ = {isa = PBXFileReference; fileEncoding = 4; lastKnownFileType = sourcecode.swift; path = UserWorkspaceEntity.swift; sourceTree = "<group>"; };
		4127AA9F2B6617C000D46282 /* PostUserWorkspace.swift */ = {isa = PBXFileReference; fileEncoding = 4; lastKnownFileType = sourcecode.swift; path = PostUserWorkspace.swift; sourceTree = "<group>"; };
		4127AAA02B6617C000D46282 /* GetEmailProviders.swift */ = {isa = PBXFileReference; fileEncoding = 4; lastKnownFileType = sourcecode.swift; path = GetEmailProviders.swift; sourceTree = "<group>"; };
		4127AAA12B6617C000D46282 /* PostWorkspaceInvite.swift */ = {isa = PBXFileReference; fileEncoding = 4; lastKnownFileType = sourcecode.swift; path = PostWorkspaceInvite.swift; sourceTree = "<group>"; };
		4127AAA22B6617C000D46282 /* GetPassportMethodsExport.swift */ = {isa = PBXFileReference; fileEncoding = 4; lastKnownFileType = sourcecode.swift; path = GetPassportMethodsExport.swift; sourceTree = "<group>"; };
		4127AAA32B6617C000D46282 /* GetRoles.swift */ = {isa = PBXFileReference; fileEncoding = 4; lastKnownFileType = sourcecode.swift; path = GetRoles.swift; sourceTree = "<group>"; };
		4127AAA42B6617C000D46282 /* GetPassports.swift */ = {isa = PBXFileReference; fileEncoding = 4; lastKnownFileType = sourcecode.swift; path = GetPassports.swift; sourceTree = "<group>"; };
		4127AAA52B6617C000D46282 /* EmailAccountSigninDto.swift */ = {isa = PBXFileReference; fileEncoding = 4; lastKnownFileType = sourcecode.swift; path = EmailAccountSigninDto.swift; sourceTree = "<group>"; };
		4127AAA62B6617C000D46282 /* PostPassportSigninEmail.swift */ = {isa = PBXFileReference; fileEncoding = 4; lastKnownFileType = sourcecode.swift; path = PostPassportSigninEmail.swift; sourceTree = "<group>"; };
		4127AAA72B6617C000D46282 /* GetCteUserRoleWorkspaces.swift */ = {isa = PBXFileReference; fileEncoding = 4; lastKnownFileType = sourcecode.swift; path = GetCteUserRoleWorkspaces.swift; sourceTree = "<group>"; };
		4127AB422B6617C100D46282 /* PostCommonProfile.swift */ = {isa = PBXFileReference; fileEncoding = 4; lastKnownFileType = sourcecode.swift; path = PostCommonProfile.swift; sourceTree = "<group>"; };
		4127AB432B6617C100D46282 /* GetCommonProfiles.swift */ = {isa = PBXFileReference; fileEncoding = 4; lastKnownFileType = sourcecode.swift; path = GetCommonProfiles.swift; sourceTree = "<group>"; };
		4127AB442B6617C100D46282 /* CommonProfileEntity.swift */ = {isa = PBXFileReference; fileEncoding = 4; lastKnownFileType = sourcecode.swift; path = CommonProfileEntity.swift; sourceTree = "<group>"; };
		4127AB452B6617C100D46282 /* GetCommonProfilesExport.swift */ = {isa = PBXFileReference; fileEncoding = 4; lastKnownFileType = sourcecode.swift; path = GetCommonProfilesExport.swift; sourceTree = "<group>"; };
		4127AB552B6617C100D46282 /* FbSwiftSdk.swift */ = {isa = PBXFileReference; fileEncoding = 4; lastKnownFileType = sourcecode.swift; path = FbSwiftSdk.swift; sourceTree = "<group>"; };
		414766E52B01925C000E232B /* firebackios.app */ = {isa = PBXFileReference; explicitFileType = wrapper.application; includeInIndex = 0; path = firebackios.app; sourceTree = BUILT_PRODUCTS_DIR; };
		414766E82B01925C000E232B /* firebackiosApp.swift */ = {isa = PBXFileReference; lastKnownFileType = sourcecode.swift; path = firebackiosApp.swift; sourceTree = "<group>"; };
		414766EA2B01925C000E232B /* ContentView.swift */ = {isa = PBXFileReference; lastKnownFileType = sourcecode.swift; path = ContentView.swift; sourceTree = "<group>"; };
		414766EC2B01925E000E232B /* Assets.xcassets */ = {isa = PBXFileReference; lastKnownFileType = folder.assetcatalog; path = Assets.xcassets; sourceTree = "<group>"; };
		414766EF2B01925E000E232B /* Preview Assets.xcassets */ = {isa = PBXFileReference; lastKnownFileType = folder.assetcatalog; path = "Preview Assets.xcassets"; sourceTree = "<group>"; };
		416EB2132BF02ED0007DA5E7 /* Info.plist */ = {isa = PBXFileReference; lastKnownFileType = text.plist; path = Info.plist; sourceTree = "<group>"; };
		41A0AB832B4E16C5002C2FC8 /* SignupForm.swift */ = {isa = PBXFileReference; lastKnownFileType = sourcecode.swift; path = SignupForm.swift; sourceTree = "<group>"; };
		41A0AD152B4F5218002C2FC8 /* SigninForm.swift */ = {isa = PBXFileReference; lastKnownFileType = sourcecode.swift; path = SigninForm.swift; sourceTree = "<group>"; };
		41A0B92B2B514630002C2FC8 /* RoleList.swift */ = {isa = PBXFileReference; lastKnownFileType = sourcecode.swift; path = RoleList.swift; sourceTree = "<group>"; };
		41A0B92D2B514686002C2FC8 /* AuthService.swift */ = {isa = PBXFileReference; lastKnownFileType = sourcecode.swift; path = AuthService.swift; sourceTree = "<group>"; };
		41A0BBA12B5722A8002C2FC8 /* AuthenticationWelcomeScreen.swift */ = {isa = PBXFileReference; lastKnownFileType = sourcecode.swift; path = AuthenticationWelcomeScreen.swift; sourceTree = "<group>"; };
		41A0BBA32B575B88002C2FC8 /* EmailSignupForm.swift */ = {isa = PBXFileReference; lastKnownFileType = sourcecode.swift; path = EmailSignupForm.swift; sourceTree = "<group>"; };
		41AA5BED2B3CBA130071A73F /* SignupSingleScreen.swift */ = {isa = PBXFileReference; lastKnownFileType = sourcecode.swift; path = SignupSingleScreen.swift; sourceTree = "<group>"; };
		41D218DA2B01A39800BBFFDF /* action.swift */ = {isa = PBXFileReference; lastKnownFileType = sourcecode.swift; path = action.swift; sourceTree = "<group>"; };
		41F7CD8E2B5882340084509F /* Forms.swift */ = {isa = PBXFileReference; lastKnownFileType = sourcecode.swift; path = Forms.swift; sourceTree = "<group>"; };
		41F7CD902B5887740084509F /* Buttons.swift */ = {isa = PBXFileReference; lastKnownFileType = sourcecode.swift; path = Buttons.swift; sourceTree = "<group>"; };
		41F7CD922B58BECE0084509F /* View.xib */ = {isa = PBXFileReference; lastKnownFileType = file.xib; path = View.xib; sourceTree = "<group>"; };
		41F7CD942B58BEFC0084509F /* Storyboard.storyboard */ = {isa = PBXFileReference; lastKnownFileType = file.storyboard; path = Storyboard.storyboard; sourceTree = "<group>"; };
		8B98A76C3D55606D648382E8 /* Pods_firebackios.framework */ = {isa = PBXFileReference; explicitFileType = wrapper.framework; includeInIndex = 0; path = Pods_firebackios.framework; sourceTree = BUILT_PRODUCTS_DIR; };
		8C0CC13BAA2ABF864D45888A /* Pods-firebackios.debug.xcconfig */ = {isa = PBXFileReference; includeInIndex = 1; lastKnownFileType = text.xcconfig; name = "Pods-firebackios.debug.xcconfig"; path = "Target Support Files/Pods-firebackios/Pods-firebackios.debug.xcconfig"; sourceTree = "<group>"; };
/* End PBXFileReference section */

/* Begin PBXFrameworksBuildPhase section */
		414766E22B01925C000E232B /* Frameworks */ = {
			isa = PBXFrameworksBuildPhase;
			buildActionMask = 2147483647;
			files = (
				3ED36F0032D3117734F4F9BD /* Pods_firebackios.framework in Frameworks */,
			);
			runOnlyForDeploymentPostprocessing = 0;
		};
/* End PBXFrameworksBuildPhase section */

/* Begin PBXGroup section */
		4127AA072B6617C000D46282 /* sdk */ = {
			isa = PBXGroup;
			children = (
				4127AA082B6617C000D46282 /* index.go */,
				4127AA092B6617C000D46282 /* cachemap.json */,
				4127AA0A2B6617C000D46282 /* modules */,
				4127AB552B6617C100D46282 /* FbSwiftSdk.swift */,
			);
			path = sdk;
			sourceTree = "<group>";
		};
		4127AA0A2B6617C000D46282 /* modules */ = {
			isa = PBXGroup;
			children = (
				4127AA2C2B6617C000D46282 /* workspaces */,
				4127AB412B6617C100D46282 /* commonprofile */,
			);
			path = modules;
			sourceTree = "<group>";
		};
		4127AA2C2B6617C000D46282 /* workspaces */ = {
			isa = PBXGroup;
			children = (
				4127AA2D2B6617C000D46282 /* GetPublicJoinKeys.swift */,
				4127AA2E2B6617C000D46282 /* PostBackupTableMeta.swift */,
				4127AA2F2B6617C000D46282 /* GetWorkspaces.swift */,
				4127AA302B6617C000D46282 /* GetTableViewSizingsExport.swift */,
				4127AA312B6617C000D46282 /* GetTableViewSizings.swift */,
				4127AA322B6617C000D46282 /* PostWorkspacePassportOtp.swift */,
				4127AA332B6617C000D46282 /* WorkspaceEntity.swift */,
				4127AA342B6617C000D46282 /* CapabilityEntity.swift */,
				4127AA352B6617C000D46282 /* PostEmailConfirmation.swift */,
				4127AA362B6617C000D46282 /* PostPassport.swift */,
				4127AA372B6617C000D46282 /* GetCapabilitiesExport.swift */,
				4127AA382B6617C000D46282 /* PostGsmSendSms.swift */,
				4127AA392B6617C000D46282 /* GetUserRoleWorkspacesExport.swift */,
				4127AA3A2B6617C000D46282 /* GetWorkspaceRolesExport.swift */,
				4127AA3B2B6617C000D46282 /* GetNotificationConfigsExport.swift */,
				4127AA3C2B6617C000D46282 /* GetEmailSenders.swift */,
				4127AA3D2B6617C000D46282 /* PostGsmProviderSendSms.swift */,
				4127AA3E2B6617C000D46282 /* GetEmailConfirmationsExport.swift */,
				4127AA3F2B6617C000D46282 /* GetUserWorkspacesExport.swift */,
				4127AA402B6617C000D46282 /* PostGsmProvider.swift */,
				4127AA412B6617C000D46282 /* PostPassportsSigninClassic.swift */,
				4127AA422B6617C000D46282 /* PostWorkspaceType.swift */,
				4127AA432B6617C000D46282 /* AppMenuEntity.swift */,
				4127AA442B6617C000D46282 /* GetGsmProvidersExport.swift */,
				4127AA452B6617C000D46282 /* PostCapability.swift */,
				4127AA462B6617C000D46282 /* ExchangeKeyInformationDto.swift */,
				4127AA472B6617C000D46282 /* PostNotificationConfig.swift */,
				4127AA482B6617C000D46282 /* TokenEntity.swift */,
				4127AA492B6617C000D46282 /* UserAccessLevelDto.swift */,
				4127AA4A2B6617C000D46282 /* BackupTableMetaEntity.swift */,
				4127AA4B2B6617C000D46282 /* PostWorkspace.swift */,
				4127AA4C2B6617C000D46282 /* PostEmailSender.swift */,
				4127AA4D2B6617C000D46282 /* PostBackupImport.swift */,
				4127AA4E2B6617C000D46282 /* PostPassportsSignupClassic.swift */,
				4127AA4F2B6617C000D46282 /* AssignRoleDto.swift */,
				4127AA502B6617C000D46282 /* UserSessionDto.swift */,
				4127AA512B6617C000D46282 /* GetBackupTableMetas.swift */,
				4127AA522B6617C000D46282 /* PostWorkspacePassportCheck.swift */,
				4127AA532B6617C000D46282 /* OtpAuthenticateDto.swift */,
				4127AA542B6617C000D46282 /* PhoneConfirmationEntity.swift */,
				4127AA552B6617C000D46282 /* GetAppMenus.swift */,
				4127AA562B6617C000D46282 /* GetWorkspaceInvitesExport.swift */,
				4127AA572B6617C000D46282 /* GetNotificationConfigs.swift */,
				4127AA582B6617C000D46282 /* GetEmailConfirmations.swift */,
				4127AA592B6617C000D46282 /* GetWorkspaceRoles.swift */,
				4127AA5A2B6617C000D46282 /* GetCteAppMenus.swift */,
				4127AA5B2B6617C000D46282 /* PostWorkspacesCreate.swift */,
				4127AA5C2B6617C000D46282 /* GsmProviderEntity.swift */,
				4127AA5D2B6617C000D46282 /* AuthResultDto.swift */,
				4127AA5E2B6617C000D46282 /* UserProfileEntity.swift */,
				4127AA5F2B6617C000D46282 /* PreferenceEntity.swift */,
				4127AA602B6617C000D46282 /* TestMailDto.swift */,
				4127AA612B6617C000D46282 /* PostWorkspaceRole.swift */,
				4127AA622B6617C000D46282 /* PendingWorkspaceInviteEntity.swift */,
				4127AA632B6617C000D46282 /* PostEmailProvider.swift */,
				4127AA642B6617C000D46282 /* GetPublicJoinKeysExport.swift */,
				4127AA652B6617C000D46282 /* WorkspaceRoleEntity.swift */,
				4127AA662B6617C000D46282 /* ResetEmailDto.swift */,
				4127AA672B6617C000D46282 /* GetEmailSendersExport.swift */,
				4127AA682B6617C000D46282 /* ForgetPasswordEntity.swift */,
				4127AA692B6617C000D46282 /* GetCteWorkspaces.swift */,
				4127AA6A2B6617C000D46282 /* AuthContextDto.swift */,
				4127AA6B2B6617C000D46282 /* EmailAccountSignupDto.swift */,
				4127AA6C2B6617C000D46282 /* GetBackupTableMetasExport.swift */,
				4127AA6D2B6617C000D46282 /* GetPassportMethods.swift */,
				4127AA6E2B6617C000D46282 /* PostPublicJoinKey.swift */,
				4127AA6F2B6617C000D46282 /* PassportEntity.swift */,
				4127AA702B6617C000D46282 /* PostPassportSignupEmail.swift */,
				4127AA712B6617C000D46282 /* ClassicAuthDto.swift */,
				4127AA722B6617C000D46282 /* TableViewSizingEntity.swift */,
				4127AA732B6617C000D46282 /* EmailOtpResponseDto.swift */,
				4127AA742B6617C000D46282 /* PostPassportRequestResetMailPassword.swift */,
				4127AA752B6617C000D46282 /* GetUsersExport.swift */,
				4127AA762B6617C000D46282 /* GetRolesExport.swift */,
				4127AA772B6617C000D46282 /* EmailConfirmationEntity.swift */,
				4127AA782B6617C000D46282 /* GetPassportsExport.swift */,
				4127AA792B6617C000D46282 /* GetUserRoleWorkspaces.swift */,
				4127AA7A2B6617C000D46282 /* GetWorkspaceTypesExport.swift */,
				4127AA7B2B6617C000D46282 /* GetEmailProvidersExport.swift */,
				4127AA7C2B6617C000D46282 /* GetUserWorkspaces.swift */,
				4127AA7D2B6617C000D46282 /* ReactiveSearchResultDto.swift */,
				4127AA7E2B6617C000D46282 /* WorkspaceConfigEntity.swift */,
				4127AA7F2B6617C000D46282 /* AcceptInviteDto.swift */,
				4127AA802B6617C000D46282 /* GetWorkspacesExport.swift */,
				4127AA812B6617C000D46282 /* WorkspacesActionsDto.swift */,
				4127AA822B6617C000D46282 /* PostTableViewSizing.swift */,
				4127AA832B6617C000D46282 /* PublicJoinKeyEntity.swift */,
				4127AA842B6617C000D46282 /* PostNotificationTestmail.swift */,
				4127AA852B6617C000D46282 /* WorkspaceInviteEntity.swift */,
				4127AA862B6617C000D46282 /* WorkspaceTypeEntity.swift */,
				4127AA872B6617C000D46282 /* GetUsers.swift */,
				4127AA882B6617C000D46282 /* GetPublicWorkspaceTypes.swift */,
				4127AA892B6617C000D46282 /* PassportMethodEntity.swift */,
				4127AA8A2B6617C000D46282 /* PostUser.swift */,
				4127AA8B2B6617C000D46282 /* EmailProviderEntity.swift */,
				4127AA8C2B6617C000D46282 /* GetWorkspaceInvites.swift */,
				4127AA8D2B6617C000D46282 /* PostPassportMethod.swift */,
				4127AA8E2B6617C000D46282 /* UserEntity.swift */,
				4127AA8F2B6617C000D46282 /* EmailSenderEntity.swift */,
				4127AA902B6617C000D46282 /* NotificationConfigEntity.swift */,
				4127AA912B6617C000D46282 /* GetAppMenusExport.swift */,
				4127AA922B6617C000D46282 /* PostPassportAuthorizeOs.swift */,
				4127AA932B6617C000D46282 /* GetWorkspaceTypes.swift */,
				4127AA942B6617C000D46282 /* WorkspaceConfigDto.swift */,
				4127AA952B6617C000D46282 /* PostRole.swift */,
				4127AA962B6617C000D46282 /* GetCapabilities.swift */,
				4127AA972B6617C000D46282 /* WorkspaceDto.swift */,
				4127AA982B6617C000D46282 /* PhoneNumberAccountCreationDto.swift */,
				4127AA992B6617C000D46282 /* UserRoleWorkspaceEntity.swift */,
				4127AA9A2B6617C000D46282 /* RoleEntity.swift */,
				4127AA9B2B6617C000D46282 /* GetGsmProviders.swift */,
				4127AA9C2B6617C000D46282 /* PersonEntity.swift */,
				4127AA9D2B6617C000D46282 /* PostAppMenu.swift */,
				4127AA9E2B6617C000D46282 /* UserWorkspaceEntity.swift */,
				4127AA9F2B6617C000D46282 /* PostUserWorkspace.swift */,
				4127AAA02B6617C000D46282 /* GetEmailProviders.swift */,
				4127AAA12B6617C000D46282 /* PostWorkspaceInvite.swift */,
				4127AAA22B6617C000D46282 /* GetPassportMethodsExport.swift */,
				4127AAA32B6617C000D46282 /* GetRoles.swift */,
				4127AAA42B6617C000D46282 /* GetPassports.swift */,
				4127AAA52B6617C000D46282 /* EmailAccountSigninDto.swift */,
				4127AAA62B6617C000D46282 /* PostPassportSigninEmail.swift */,
				4127AAA72B6617C000D46282 /* GetCteUserRoleWorkspaces.swift */,
			);
			path = workspaces;
			sourceTree = "<group>";
		};
		4127AB412B6617C100D46282 /* commonprofile */ = {
			isa = PBXGroup;
			children = (
				4127AB422B6617C100D46282 /* PostCommonProfile.swift */,
				4127AB432B6617C100D46282 /* GetCommonProfiles.swift */,
				4127AB442B6617C100D46282 /* CommonProfileEntity.swift */,
				4127AB452B6617C100D46282 /* GetCommonProfilesExport.swift */,
			);
			path = commonprofile;
			sourceTree = "<group>";
		};
		414766DC2B01925C000E232B = {
			isa = PBXGroup;
			children = (
				41F7CD922B58BECE0084509F /* View.xib */,
				41F7CD942B58BEFC0084509F /* Storyboard.storyboard */,
				414766E72B01925C000E232B /* firebackios */,
				414766E62B01925C000E232B /* Products */,
				D1A36CB7B8414A0A5F08507D /* Pods */,
				565E8EA752E32529425C243C /* Frameworks */,
			);
			sourceTree = "<group>";
		};
		414766E62B01925C000E232B /* Products */ = {
			isa = PBXGroup;
			children = (
				414766E52B01925C000E232B /* firebackios.app */,
			);
			name = Products;
			sourceTree = "<group>";
		};
		414766E72B01925C000E232B /* firebackios */ = {
			isa = PBXGroup;
			children = (
				416EB2132BF02ED0007DA5E7 /* Info.plist */,
				4127AA072B6617C000D46282 /* sdk */,
				41F7CD8D2B5882250084509F /* components */,
				41AA5BEB2B3CB9EB0071A73F /* modules */,
				414766E82B01925C000E232B /* firebackiosApp.swift */,
				414766EA2B01925C000E232B /* ContentView.swift */,
				41D218DA2B01A39800BBFFDF /* action.swift */,
				414766EC2B01925E000E232B /* Assets.xcassets */,
				414766EE2B01925E000E232B /* Preview Content */,
			);
			path = firebackios;
			sourceTree = "<group>";
		};
		414766EE2B01925E000E232B /* Preview Content */ = {
			isa = PBXGroup;
			children = (
				414766EF2B01925E000E232B /* Preview Assets.xcassets */,
			);
			path = "Preview Content";
			sourceTree = "<group>";
		};
		41AA5BEB2B3CB9EB0071A73F /* modules */ = {
			isa = PBXGroup;
			children = (
				41AA5BEC2B3CB9F60071A73F /* abac */,
			);
			path = modules;
			sourceTree = "<group>";
		};
		41AA5BEC2B3CB9F60071A73F /* abac */ = {
			isa = PBXGroup;
			children = (
				41A0AD152B4F5218002C2FC8 /* SigninForm.swift */,
				41A0BBA32B575B88002C2FC8 /* EmailSignupForm.swift */,
				41A0BBA12B5722A8002C2FC8 /* AuthenticationWelcomeScreen.swift */,
				41AA5BED2B3CBA130071A73F /* SignupSingleScreen.swift */,
				41A0B92B2B514630002C2FC8 /* RoleList.swift */,
				41A0B92D2B514686002C2FC8 /* AuthService.swift */,
				41A0AB832B4E16C5002C2FC8 /* SignupForm.swift */,
			);
			path = abac;
			sourceTree = "<group>";
		};
		41F7CD8D2B5882250084509F /* components */ = {
			isa = PBXGroup;
			children = (
				41F7CD8E2B5882340084509F /* Forms.swift */,
				41F7CD902B5887740084509F /* Buttons.swift */,
			);
			path = components;
			sourceTree = "<group>";
		};
		565E8EA752E32529425C243C /* Frameworks */ = {
			isa = PBXGroup;
			children = (
				8B98A76C3D55606D648382E8 /* Pods_firebackios.framework */,
			);
			name = Frameworks;
			sourceTree = "<group>";
		};
		D1A36CB7B8414A0A5F08507D /* Pods */ = {
			isa = PBXGroup;
			children = (
				8C0CC13BAA2ABF864D45888A /* Pods-firebackios.debug.xcconfig */,
				1F968A6B50A5D917D4B8A89A /* Pods-firebackios.release.xcconfig */,
			);
			path = Pods;
			sourceTree = "<group>";
		};
/* End PBXGroup section */

/* Begin PBXNativeTarget section */
		414766E42B01925C000E232B /* firebackios */ = {
			isa = PBXNativeTarget;
			buildConfigurationList = 414766F32B01925E000E232B /* Build configuration list for PBXNativeTarget "firebackios" */;
			buildPhases = (
				901334430B7738CE9B5BD57D /* [CP] Check Pods Manifest.lock */,
				414766E12B01925C000E232B /* Sources */,
				414766E22B01925C000E232B /* Frameworks */,
				414766E32B01925C000E232B /* Resources */,
				1C516E40E6FA4BB5037758E8 /* [CP] Embed Pods Frameworks */,
			);
			buildRules = (
			);
			dependencies = (
			);
			name = firebackios;
			productName = firebackios;
			productReference = 414766E52B01925C000E232B /* firebackios.app */;
			productType = "com.apple.product-type.application";
		};
/* End PBXNativeTarget section */

/* Begin PBXProject section */
		414766DD2B01925C000E232B /* Project object */ = {
			isa = PBXProject;
			attributes = {
				BuildIndependentTargetsInParallel = 1;
				LastSwiftUpdateCheck = 1430;
				LastUpgradeCheck = 1430;
				TargetAttributes = {
					414766E42B01925C000E232B = {
						CreatedOnToolsVersion = 14.3.1;
					};
				};
			};
			buildConfigurationList = 414766E02B01925C000E232B /* Build configuration list for PBXProject "firebackios" */;
			compatibilityVersion = "Xcode 14.0";
			developmentRegion = en;
			hasScannedForEncodings = 0;
			knownRegions = (
				en,
				Base,
			);
			mainGroup = 414766DC2B01925C000E232B;
			productRefGroup = 414766E62B01925C000E232B /* Products */;
			projectDirPath = "";
			projectRoot = "";
			targets = (
				414766E42B01925C000E232B /* firebackios */,
			);
		};
/* End PBXProject section */

/* Begin PBXResourcesBuildPhase section */
		414766E32B01925C000E232B /* Resources */ = {
			isa = PBXResourcesBuildPhase;
			buildActionMask = 2147483647;
			files = (
				4127AB562B6617C100D46282 /* index.go in Resources */,
				414766F02B01925E000E232B /* Preview Assets.xcassets in Resources */,
				41F7CD932B58BECE0084509F /* View.xib in Resources */,
				4127AB572B6617C100D46282 /* cachemap.json in Resources */,
				414766ED2B01925E000E232B /* Assets.xcassets in Resources */,
				41F7CD952B58BEFC0084509F /* Storyboard.storyboard in Resources */,
			);
			runOnlyForDeploymentPostprocessing = 0;
		};
/* End PBXResourcesBuildPhase section */

/* Begin PBXShellScriptBuildPhase section */
		1C516E40E6FA4BB5037758E8 /* [CP] Embed Pods Frameworks */ = {
			isa = PBXShellScriptBuildPhase;
			buildActionMask = 2147483647;
			files = (
			);
			inputFileListPaths = (
				"${PODS_ROOT}/Target Support Files/Pods-firebackios/Pods-firebackios-frameworks-${CONFIGURATION}-input-files.xcfilelist",
			);
			name = "[CP] Embed Pods Frameworks";
			outputFileListPaths = (
				"${PODS_ROOT}/Target Support Files/Pods-firebackios/Pods-firebackios-frameworks-${CONFIGURATION}-output-files.xcfilelist",
			);
			runOnlyForDeploymentPostprocessing = 0;
			shellPath = /bin/sh;
			shellScript = "\"${PODS_ROOT}/Target Support Files/Pods-firebackios/Pods-firebackios-frameworks.sh\"\n";
			showEnvVarsInLog = 0;
		};
		901334430B7738CE9B5BD57D /* [CP] Check Pods Manifest.lock */ = {
			isa = PBXShellScriptBuildPhase;
			buildActionMask = 2147483647;
			files = (
			);
			inputFileListPaths = (
			);
			inputPaths = (
				"${PODS_PODFILE_DIR_PATH}/Podfile.lock",
				"${PODS_ROOT}/Manifest.lock",
			);
			name = "[CP] Check Pods Manifest.lock";
			outputFileListPaths = (
			);
			outputPaths = (
				"$(DERIVED_FILE_DIR)/Pods-firebackios-checkManifestLockResult.txt",
			);
			runOnlyForDeploymentPostprocessing = 0;
			shellPath = /bin/sh;
			shellScript = "diff \"${PODS_PODFILE_DIR_PATH}/Podfile.lock\" \"${PODS_ROOT}/Manifest.lock\" > /dev/null\nif [ $? != 0 ] ; then\n    # print error to STDERR\n    echo \"error: The sandbox is not in sync with the Podfile.lock. Run 'pod install' or update your CocoaPods installation.\" >&2\n    exit 1\nfi\n# This output is used by Xcode 'outputs' to avoid re-running this script phase.\necho \"SUCCESS\" > \"${SCRIPT_OUTPUT_FILE_0}\"\n";
			showEnvVarsInLog = 0;
		};
/* End PBXShellScriptBuildPhase section */

/* Begin PBXSourcesBuildPhase section */
		414766E12B01925C000E232B /* Sources */ = {
			isa = PBXSourcesBuildPhase;
			buildActionMask = 2147483647;
			files = (
				4127AB972B6617C100D46282 /* PostBackupImport.swift in Sources */,
				4127ABCD2B6617C100D46282 /* PublicJoinKeyEntity.swift in Sources */,
				4127ABDC2B6617C100D46282 /* PostPassportAuthorizeOs.swift in Sources */,
				414766EB2B01925C000E232B /* ContentView.swift in Sources */,
				4127ABE32B6617C100D46282 /* UserRoleWorkspaceEntity.swift in Sources */,
				4127AB962B6617C100D46282 /* PostEmailSender.swift in Sources */,
				4127ABD02B6617C100D46282 /* WorkspaceTypeEntity.swift in Sources */,
				4127ABA22B6617C100D46282 /* GetEmailConfirmations.swift in Sources */,
				4127ABE82B6617C100D46282 /* UserWorkspaceEntity.swift in Sources */,
				4127ABA32B6617C100D46282 /* GetWorkspaceRoles.swift in Sources */,
				41A0B92C2B514630002C2FC8 /* RoleList.swift in Sources */,
				4127AB8C2B6617C100D46282 /* PostWorkspaceType.swift in Sources */,
				4127AC8B2B6617C200D46282 /* CommonProfileEntity.swift in Sources */,
				4127ABCE2B6617C100D46282 /* PostNotificationTestmail.swift in Sources */,
				4127AB922B6617C100D46282 /* TokenEntity.swift in Sources */,
				4127ABC12B6617C100D46282 /* EmailConfirmationEntity.swift in Sources */,
				4127AC9A2B6617C200D46282 /* FbSwiftSdk.swift in Sources */,
				4127ABEC2B6617C100D46282 /* GetPassportMethodsExport.swift in Sources */,
				4127AB8D2B6617C100D46282 /* AppMenuEntity.swift in Sources */,
				4127AB912B6617C100D46282 /* PostNotificationConfig.swift in Sources */,
				4127ABCB2B6617C100D46282 /* WorkspacesActionsDto.swift in Sources */,
				4127ABBC2B6617C100D46282 /* TableViewSizingEntity.swift in Sources */,
				4127ABC52B6617C100D46282 /* GetEmailProvidersExport.swift in Sources */,
				4127ABC32B6617C100D46282 /* GetUserRoleWorkspaces.swift in Sources */,
				4127AB7E2B6617C100D46282 /* CapabilityEntity.swift in Sources */,
				4127AB842B6617C100D46282 /* GetWorkspaceRolesExport.swift in Sources */,
				4127ABD12B6617C100D46282 /* GetUsers.swift in Sources */,
				4127ABE72B6617C100D46282 /* PostAppMenu.swift in Sources */,
				4127AB952B6617C100D46282 /* PostWorkspace.swift in Sources */,
				4127ABE62B6617C100D46282 /* PersonEntity.swift in Sources */,
				4127ABBE2B6617C100D46282 /* PostPassportRequestResetMailPassword.swift in Sources */,
				4127AB902B6617C100D46282 /* ExchangeKeyInformationDto.swift in Sources */,
				4127AB9A2B6617C100D46282 /* UserSessionDto.swift in Sources */,
				4127AB812B6617C100D46282 /* GetCapabilitiesExport.swift in Sources */,
				4127ABBF2B6617C100D46282 /* GetUsersExport.swift in Sources */,
				4127ABDF2B6617C100D46282 /* PostRole.swift in Sources */,
				4127ABC22B6617C100D46282 /* GetPassportsExport.swift in Sources */,
				4127AB7A2B6617C100D46282 /* GetTableViewSizingsExport.swift in Sources */,
				4127ABDD2B6617C100D46282 /* GetWorkspaceTypes.swift in Sources */,
				4127ABE92B6617C100D46282 /* PostUserWorkspace.swift in Sources */,
				414766E92B01925C000E232B /* firebackiosApp.swift in Sources */,
				4127ABF12B6617C100D46282 /* GetCteUserRoleWorkspaces.swift in Sources */,
				4127ABAB2B6617C100D46282 /* PostWorkspaceRole.swift in Sources */,
				4127ABBB2B6617C100D46282 /* ClassicAuthDto.swift in Sources */,
				4127ABDA2B6617C100D46282 /* NotificationConfigEntity.swift in Sources */,
				4127ABA92B6617C100D46282 /* PreferenceEntity.swift in Sources */,
				41F7CD8F2B5882340084509F /* Forms.swift in Sources */,
				4127AB942B6617C100D46282 /* BackupTableMetaEntity.swift in Sources */,
				4127ABD62B6617C100D46282 /* GetWorkspaceInvites.swift in Sources */,
				4127ABAE2B6617C100D46282 /* GetPublicJoinKeysExport.swift in Sources */,
				4127ABE22B6617C100D46282 /* PhoneNumberAccountCreationDto.swift in Sources */,
				4127ABD82B6617C100D46282 /* UserEntity.swift in Sources */,
				4127ABA52B6617C100D46282 /* PostWorkspacesCreate.swift in Sources */,
				4127ABA42B6617C100D46282 /* GetCteAppMenus.swift in Sources */,
				4127ABB82B6617C100D46282 /* PostPublicJoinKey.swift in Sources */,
				4127ABBA2B6617C100D46282 /* PostPassportSignupEmail.swift in Sources */,
				41F7CD912B5887740084509F /* Buttons.swift in Sources */,
				4127ABA72B6617C100D46282 /* AuthResultDto.swift in Sources */,
				4127ABC82B6617C100D46282 /* WorkspaceConfigEntity.swift in Sources */,
				4127ABB92B6617C100D46282 /* PassportEntity.swift in Sources */,
				4127ABC42B6617C100D46282 /* GetWorkspaceTypesExport.swift in Sources */,
				4127AB932B6617C100D46282 /* UserAccessLevelDto.swift in Sources */,
				4127AB992B6617C100D46282 /* AssignRoleDto.swift in Sources */,
				4127ABB12B6617C100D46282 /* GetEmailSendersExport.swift in Sources */,
				4127ABB72B6617C100D46282 /* GetPassportMethods.swift in Sources */,
				4127AB882B6617C100D46282 /* GetEmailConfirmationsExport.swift in Sources */,
				41A0BBA42B575B88002C2FC8 /* EmailSignupForm.swift in Sources */,
				4127AB772B6617C100D46282 /* GetPublicJoinKeys.swift in Sources */,
				4127ABBD2B6617C100D46282 /* EmailOtpResponseDto.swift in Sources */,
				4127ABCC2B6617C100D46282 /* PostTableViewSizing.swift in Sources */,
				4127ABB62B6617C100D46282 /* GetBackupTableMetasExport.swift in Sources */,
				4127ABCF2B6617C100D46282 /* WorkspaceInviteEntity.swift in Sources */,
				4127AB872B6617C100D46282 /* PostGsmProviderSendSms.swift in Sources */,
				4127AB982B6617C100D46282 /* PostPassportsSignupClassic.swift in Sources */,
				4127ABA62B6617C100D46282 /* GsmProviderEntity.swift in Sources */,
				4127ABEB2B6617C100D46282 /* PostWorkspaceInvite.swift in Sources */,
				4127ABA12B6617C100D46282 /* GetNotificationConfigs.swift in Sources */,
				4127ABA02B6617C100D46282 /* GetWorkspaceInvitesExport.swift in Sources */,
				4127AB862B6617C100D46282 /* GetEmailSenders.swift in Sources */,
				4127AB9E2B6617C100D46282 /* PhoneConfirmationEntity.swift in Sources */,
				4127AB9F2B6617C100D46282 /* GetAppMenus.swift in Sources */,
				4127AB7D2B6617C100D46282 /* WorkspaceEntity.swift in Sources */,
				4127AB7C2B6617C100D46282 /* PostWorkspacePassportOtp.swift in Sources */,
				4127AB8A2B6617C100D46282 /* PostGsmProvider.swift in Sources */,
				4127ABEA2B6617C100D46282 /* GetEmailProviders.swift in Sources */,
				4127ABB52B6617C100D46282 /* EmailAccountSignupDto.swift in Sources */,
				4127AB802B6617C100D46282 /* PostPassport.swift in Sources */,
				4127ABAC2B6617C100D46282 /* PendingWorkspaceInviteEntity.swift in Sources */,
				41A0BBA22B5722A8002C2FC8 /* AuthenticationWelcomeScreen.swift in Sources */,
				4127ABC92B6617C100D46282 /* AcceptInviteDto.swift in Sources */,
				4127ABDE2B6617C100D46282 /* WorkspaceConfigDto.swift in Sources */,
				4127AB782B6617C100D46282 /* PostBackupTableMeta.swift in Sources */,
				4127AB892B6617C100D46282 /* GetUserWorkspacesExport.swift in Sources */,
				41A0AD162B4F5218002C2FC8 /* SigninForm.swift in Sources */,
				4127AB792B6617C100D46282 /* GetWorkspaces.swift in Sources */,
				4127ABD22B6617C100D46282 /* GetPublicWorkspaceTypes.swift in Sources */,
				4127AB7B2B6617C100D46282 /* GetTableViewSizings.swift in Sources */,
				4127ABA82B6617C100D46282 /* UserProfileEntity.swift in Sources */,
				4127ABE42B6617C100D46282 /* RoleEntity.swift in Sources */,
				41D218DB2B01A39800BBFFDF /* action.swift in Sources */,
				4127ABB42B6617C100D46282 /* AuthContextDto.swift in Sources */,
				41A0B92E2B514686002C2FC8 /* AuthService.swift in Sources */,
				4127AB9B2B6617C100D46282 /* GetBackupTableMetas.swift in Sources */,
				4127AB822B6617C100D46282 /* PostGsmSendSms.swift in Sources */,
				4127ABE12B6617C100D46282 /* WorkspaceDto.swift in Sources */,
				4127ABF02B6617C100D46282 /* PostPassportSigninEmail.swift in Sources */,
				4127ABDB2B6617C100D46282 /* GetAppMenusExport.swift in Sources */,
				4127ABB32B6617C100D46282 /* GetCteWorkspaces.swift in Sources */,
				4127ABAD2B6617C100D46282 /* PostEmailProvider.swift in Sources */,
				4127AB832B6617C100D46282 /* GetUserRoleWorkspacesExport.swift in Sources */,
				4127ABD72B6617C100D46282 /* PostPassportMethod.swift in Sources */,
				4127AC892B6617C200D46282 /* PostCommonProfile.swift in Sources */,
				4127ABED2B6617C100D46282 /* GetRoles.swift in Sources */,
				4127AB7F2B6617C100D46282 /* PostEmailConfirmation.swift in Sources */,
				4127AB8B2B6617C100D46282 /* PostPassportsSigninClassic.swift in Sources */,
				4127ABE52B6617C100D46282 /* GetGsmProviders.swift in Sources */,
				4127AB8E2B6617C100D46282 /* GetGsmProvidersExport.swift in Sources */,
				4127ABD92B6617C100D46282 /* EmailSenderEntity.swift in Sources */,
				4127AB9C2B6617C100D46282 /* PostWorkspacePassportCheck.swift in Sources */,
				4127AC8A2B6617C200D46282 /* GetCommonProfiles.swift in Sources */,
				4127AB9D2B6617C100D46282 /* OtpAuthenticateDto.swift in Sources */,
				4127ABE02B6617C100D46282 /* GetCapabilities.swift in Sources */,
				4127ABEF2B6617C100D46282 /* EmailAccountSigninDto.swift in Sources */,
				4127ABB02B6617C100D46282 /* ResetEmailDto.swift in Sources */,
				4127ABD52B6617C100D46282 /* EmailProviderEntity.swift in Sources */,
				4127ABC62B6617C100D46282 /* GetUserWorkspaces.swift in Sources */,
				4127ABD42B6617C100D46282 /* PostUser.swift in Sources */,
				4127ABC02B6617C100D46282 /* GetRolesExport.swift in Sources */,
				4127ABAF2B6617C100D46282 /* WorkspaceRoleEntity.swift in Sources */,
				4127ABCA2B6617C100D46282 /* GetWorkspacesExport.swift in Sources */,
				4127AB852B6617C100D46282 /* GetNotificationConfigsExport.swift in Sources */,
				4127AC8C2B6617C200D46282 /* GetCommonProfilesExport.swift in Sources */,
				4127ABC72B6617C100D46282 /* ReactiveSearchResultDto.swift in Sources */,
				4127AB8F2B6617C100D46282 /* PostCapability.swift in Sources */,
				4127ABB22B6617C100D46282 /* ForgetPasswordEntity.swift in Sources */,
				41A0AB842B4E16C5002C2FC8 /* SignupForm.swift in Sources */,
				41AA5BEE2B3CBA130071A73F /* SignupSingleScreen.swift in Sources */,
				4127ABAA2B6617C100D46282 /* TestMailDto.swift in Sources */,
				4127ABD32B6617C100D46282 /* PassportMethodEntity.swift in Sources */,
				4127ABEE2B6617C100D46282 /* GetPassports.swift in Sources */,
			);
			runOnlyForDeploymentPostprocessing = 0;
		};
/* End PBXSourcesBuildPhase section */

/* Begin XCBuildConfiguration section */
		414766F12B01925E000E232B /* Debug */ = {
			isa = XCBuildConfiguration;
			buildSettings = {
				ALWAYS_SEARCH_USER_PATHS = NO;
				CLANG_ANALYZER_NONNULL = YES;
				CLANG_ANALYZER_NUMBER_OBJECT_CONVERSION = YES_AGGRESSIVE;
				CLANG_CXX_LANGUAGE_STANDARD = "gnu++20";
				CLANG_ENABLE_MODULES = YES;
				CLANG_ENABLE_OBJC_ARC = YES;
				CLANG_ENABLE_OBJC_WEAK = YES;
				CLANG_WARN_BLOCK_CAPTURE_AUTORELEASING = YES;
				CLANG_WARN_BOOL_CONVERSION = YES;
				CLANG_WARN_COMMA = YES;
				CLANG_WARN_CONSTANT_CONVERSION = YES;
				CLANG_WARN_DEPRECATED_OBJC_IMPLEMENTATIONS = YES;
				CLANG_WARN_DIRECT_OBJC_ISA_USAGE = YES_ERROR;
				CLANG_WARN_DOCUMENTATION_COMMENTS = YES;
				CLANG_WARN_EMPTY_BODY = YES;
				CLANG_WARN_ENUM_CONVERSION = YES;
				CLANG_WARN_INFINITE_RECURSION = YES;
				CLANG_WARN_INT_CONVERSION = YES;
				CLANG_WARN_NON_LITERAL_NULL_CONVERSION = YES;
				CLANG_WARN_OBJC_IMPLICIT_RETAIN_SELF = YES;
				CLANG_WARN_OBJC_LITERAL_CONVERSION = YES;
				CLANG_WARN_OBJC_ROOT_CLASS = YES_ERROR;
				CLANG_WARN_QUOTED_INCLUDE_IN_FRAMEWORK_HEADER = YES;
				CLANG_WARN_RANGE_LOOP_ANALYSIS = YES;
				CLANG_WARN_STRICT_PROTOTYPES = YES;
				CLANG_WARN_SUSPICIOUS_MOVE = YES;
				CLANG_WARN_UNGUARDED_AVAILABILITY = YES_AGGRESSIVE;
				CLANG_WARN_UNREACHABLE_CODE = YES;
				CLANG_WARN__DUPLICATE_METHOD_MATCH = YES;
				COPY_PHASE_STRIP = NO;
				DEBUG_INFORMATION_FORMAT = dwarf;
				ENABLE_STRICT_OBJC_MSGSEND = YES;
				ENABLE_TESTABILITY = YES;
				GCC_C_LANGUAGE_STANDARD = gnu11;
				GCC_DYNAMIC_NO_PIC = NO;
				GCC_NO_COMMON_BLOCKS = YES;
				GCC_OPTIMIZATION_LEVEL = 0;
				GCC_PREPROCESSOR_DEFINITIONS = (
					"DEBUG=1",
					"$(inherited)",
				);
				GCC_WARN_64_TO_32_BIT_CONVERSION = YES;
				GCC_WARN_ABOUT_RETURN_TYPE = YES_ERROR;
				GCC_WARN_UNDECLARED_SELECTOR = YES;
				GCC_WARN_UNINITIALIZED_AUTOS = YES_AGGRESSIVE;
				GCC_WARN_UNUSED_FUNCTION = YES;
				GCC_WARN_UNUSED_VARIABLE = YES;
				IPHONEOS_DEPLOYMENT_TARGET = 16.4;
				MTL_ENABLE_DEBUG_INFO = INCLUDE_SOURCE;
				MTL_FAST_MATH = YES;
				ONLY_ACTIVE_ARCH = YES;
				SDKROOT = iphoneos;
				SWIFT_ACTIVE_COMPILATION_CONDITIONS = DEBUG;
				SWIFT_OPTIMIZATION_LEVEL = "-Onone";
			};
			name = Debug;
		};
		414766F22B01925E000E232B /* Release */ = {
			isa = XCBuildConfiguration;
			buildSettings = {
				ALWAYS_SEARCH_USER_PATHS = NO;
				CLANG_ANALYZER_NONNULL = YES;
				CLANG_ANALYZER_NUMBER_OBJECT_CONVERSION = YES_AGGRESSIVE;
				CLANG_CXX_LANGUAGE_STANDARD = "gnu++20";
				CLANG_ENABLE_MODULES = YES;
				CLANG_ENABLE_OBJC_ARC = YES;
				CLANG_ENABLE_OBJC_WEAK = YES;
				CLANG_WARN_BLOCK_CAPTURE_AUTORELEASING = YES;
				CLANG_WARN_BOOL_CONVERSION = YES;
				CLANG_WARN_COMMA = YES;
				CLANG_WARN_CONSTANT_CONVERSION = YES;
				CLANG_WARN_DEPRECATED_OBJC_IMPLEMENTATIONS = YES;
				CLANG_WARN_DIRECT_OBJC_ISA_USAGE = YES_ERROR;
				CLANG_WARN_DOCUMENTATION_COMMENTS = YES;
				CLANG_WARN_EMPTY_BODY = YES;
				CLANG_WARN_ENUM_CONVERSION = YES;
				CLANG_WARN_INFINITE_RECURSION = YES;
				CLANG_WARN_INT_CONVERSION = YES;
				CLANG_WARN_NON_LITERAL_NULL_CONVERSION = YES;
				CLANG_WARN_OBJC_IMPLICIT_RETAIN_SELF = YES;
				CLANG_WARN_OBJC_LITERAL_CONVERSION = YES;
				CLANG_WARN_OBJC_ROOT_CLASS = YES_ERROR;
				CLANG_WARN_QUOTED_INCLUDE_IN_FRAMEWORK_HEADER = YES;
				CLANG_WARN_RANGE_LOOP_ANALYSIS = YES;
				CLANG_WARN_STRICT_PROTOTYPES = YES;
				CLANG_WARN_SUSPICIOUS_MOVE = YES;
				CLANG_WARN_UNGUARDED_AVAILABILITY = YES_AGGRESSIVE;
				CLANG_WARN_UNREACHABLE_CODE = YES;
				CLANG_WARN__DUPLICATE_METHOD_MATCH = YES;
				COPY_PHASE_STRIP = NO;
				DEBUG_INFORMATION_FORMAT = "dwarf-with-dsym";
				ENABLE_NS_ASSERTIONS = NO;
				ENABLE_STRICT_OBJC_MSGSEND = YES;
				GCC_C_LANGUAGE_STANDARD = gnu11;
				GCC_NO_COMMON_BLOCKS = YES;
				GCC_WARN_64_TO_32_BIT_CONVERSION = YES;
				GCC_WARN_ABOUT_RETURN_TYPE = YES_ERROR;
				GCC_WARN_UNDECLARED_SELECTOR = YES;
				GCC_WARN_UNINITIALIZED_AUTOS = YES_AGGRESSIVE;
				GCC_WARN_UNUSED_FUNCTION = YES;
				GCC_WARN_UNUSED_VARIABLE = YES;
				IPHONEOS_DEPLOYMENT_TARGET = 16.4;
				MTL_ENABLE_DEBUG_INFO = NO;
				MTL_FAST_MATH = YES;
				SDKROOT = iphoneos;
				SWIFT_COMPILATION_MODE = wholemodule;
				SWIFT_OPTIMIZATION_LEVEL = "-O";
				VALIDATE_PRODUCT = YES;
			};
			name = Release;
		};
		414766F42B01925E000E232B /* Debug */ = {
			isa = XCBuildConfiguration;
			baseConfigurationReference = 8C0CC13BAA2ABF864D45888A /* Pods-firebackios.debug.xcconfig */;
			buildSettings = {
				ASSETCATALOG_COMPILER_APPICON_NAME = AppIcon;
				ASSETCATALOG_COMPILER_GLOBAL_ACCENT_COLOR_NAME = AccentColor;
				CODE_SIGN_STYLE = Automatic;
				CURRENT_PROJECT_VERSION = 1;
				DEVELOPMENT_ASSET_PATHS = "\"firebackios/Preview Content\"";
				ENABLE_PREVIEWS = YES;
				GENERATE_INFOPLIST_FILE = YES;
				INFOPLIST_FILE = firebackios/Info.plist;
				INFOPLIST_KEY_UIApplicationSceneManifest_Generation = YES;
				INFOPLIST_KEY_UIApplicationSupportsIndirectInputEvents = YES;
				INFOPLIST_KEY_UILaunchScreen_Generation = YES;
				INFOPLIST_KEY_UISupportedInterfaceOrientations_iPad = "UIInterfaceOrientationPortrait UIInterfaceOrientationPortraitUpsideDown UIInterfaceOrientationLandscapeLeft UIInterfaceOrientationLandscapeRight";
				INFOPLIST_KEY_UISupportedInterfaceOrientations_iPhone = "UIInterfaceOrientationPortrait UIInterfaceOrientationLandscapeLeft UIInterfaceOrientationLandscapeRight";
				LD_RUNPATH_SEARCH_PATHS = (
					"$(inherited)",
					"@executable_path/Frameworks",
				);
				MARKETING_VERSION = 1.0;
				PRODUCT_BUNDLE_IDENTIFIER = com.torabian.firebackios;
				PRODUCT_NAME = "$(TARGET_NAME)";
				SWIFT_EMIT_LOC_STRINGS = YES;
				SWIFT_VERSION = 5.0;
				TARGETED_DEVICE_FAMILY = "1,2";
			};
			name = Debug;
		};
		414766F52B01925E000E232B /* Release */ = {
			isa = XCBuildConfiguration;
			baseConfigurationReference = 1F968A6B50A5D917D4B8A89A /* Pods-firebackios.release.xcconfig */;
			buildSettings = {
				ASSETCATALOG_COMPILER_APPICON_NAME = AppIcon;
				ASSETCATALOG_COMPILER_GLOBAL_ACCENT_COLOR_NAME = AccentColor;
				CODE_SIGN_STYLE = Automatic;
				CURRENT_PROJECT_VERSION = 1;
				DEVELOPMENT_ASSET_PATHS = "\"firebackios/Preview Content\"";
				ENABLE_PREVIEWS = YES;
				GENERATE_INFOPLIST_FILE = YES;
				INFOPLIST_FILE = firebackios/Info.plist;
				INFOPLIST_KEY_UIApplicationSceneManifest_Generation = YES;
				INFOPLIST_KEY_UIApplicationSupportsIndirectInputEvents = YES;
				INFOPLIST_KEY_UILaunchScreen_Generation = YES;
				INFOPLIST_KEY_UISupportedInterfaceOrientations_iPad = "UIInterfaceOrientationPortrait UIInterfaceOrientationPortraitUpsideDown UIInterfaceOrientationLandscapeLeft UIInterfaceOrientationLandscapeRight";
				INFOPLIST_KEY_UISupportedInterfaceOrientations_iPhone = "UIInterfaceOrientationPortrait UIInterfaceOrientationLandscapeLeft UIInterfaceOrientationLandscapeRight";
				LD_RUNPATH_SEARCH_PATHS = (
					"$(inherited)",
					"@executable_path/Frameworks",
				);
				MARKETING_VERSION = 1.0;
				PRODUCT_BUNDLE_IDENTIFIER = com.torabian.firebackios;
				PRODUCT_NAME = "$(TARGET_NAME)";
				SWIFT_EMIT_LOC_STRINGS = YES;
				SWIFT_VERSION = 5.0;
				TARGETED_DEVICE_FAMILY = "1,2";
			};
			name = Release;
		};
/* End XCBuildConfiguration section */

/* Begin XCConfigurationList section */
		414766E02B01925C000E232B /* Build configuration list for PBXProject "firebackios" */ = {
			isa = XCConfigurationList;
			buildConfigurations = (
				414766F12B01925E000E232B /* Debug */,
				414766F22B01925E000E232B /* Release */,
			);
			defaultConfigurationIsVisible = 0;
			defaultConfigurationName = Release;
		};
		414766F32B01925E000E232B /* Build configuration list for PBXNativeTarget "firebackios" */ = {
			isa = XCConfigurationList;
			buildConfigurations = (
				414766F42B01925E000E232B /* Debug */,
				414766F52B01925E000E232B /* Release */,
			);
			defaultConfigurationIsVisible = 0;
			defaultConfigurationName = Release;
		};
/* End XCConfigurationList section */
	};
	rootObject = 414766DD2B01925C000E232B /* Project object */;
}
